// !$*UTF8*$!
{
	archiveVersion = 1;
	classes = {
	};
	objectVersion = 50;
	objects = {

/* Begin PBXBuildFile section */
		D50F50FB24DD6F760042BAD2 /* AppDelegate.swift in Sources */ = {isa = PBXBuildFile; fileRef = D50F50FA24DD6F760042BAD2 /* AppDelegate.swift */; };
		D50F50FD24DD6F760042BAD2 /* SceneDelegate.swift in Sources */ = {isa = PBXBuildFile; fileRef = D50F50FC24DD6F760042BAD2 /* SceneDelegate.swift */; };
		D50F510224DD6F760042BAD2 /* Main.storyboard in Resources */ = {isa = PBXBuildFile; fileRef = D50F510024DD6F760042BAD2 /* Main.storyboard */; };
		D50F510424DD6F790042BAD2 /* Assets.xcassets in Resources */ = {isa = PBXBuildFile; fileRef = D50F510324DD6F790042BAD2 /* Assets.xcassets */; };
		D50F510724DD6F790042BAD2 /* LaunchScreen.storyboard in Resources */ = {isa = PBXBuildFile; fileRef = D50F510524DD6F790042BAD2 /* LaunchScreen.storyboard */; };
		D50F511024DD72E00042BAD2 /* MainViewController.swift in Sources */ = {isa = PBXBuildFile; fileRef = D50F510F24DD72E00042BAD2 /* MainViewController.swift */; };
		D50F511224DD72EB0042BAD2 /* MainPresenter.swift in Sources */ = {isa = PBXBuildFile; fileRef = D50F511124DD72EB0042BAD2 /* MainPresenter.swift */; };
		D50F511424DD72FA0042BAD2 /* MainInteractor.swift in Sources */ = {isa = PBXBuildFile; fileRef = D50F511324DD72FA0042BAD2 /* MainInteractor.swift */; };
		D50F511624DD73050042BAD2 /* MainRouter.swift in Sources */ = {isa = PBXBuildFile; fileRef = D50F511524DD73050042BAD2 /* MainRouter.swift */; };
		D50F511824DD730F0042BAD2 /* MainConfigurator.swift in Sources */ = {isa = PBXBuildFile; fileRef = D50F511724DD730F0042BAD2 /* MainConfigurator.swift */; };
		D520450B25050C90007B746A /* ContactPresenter.swift in Sources */ = {isa = PBXBuildFile; fileRef = D520450A25050C90007B746A /* ContactPresenter.swift */; };
		D520450D25050C9B007B746A /* ContactInteractor.swift in Sources */ = {isa = PBXBuildFile; fileRef = D520450C25050C9B007B746A /* ContactInteractor.swift */; };
		D520450F25050CA9007B746A /* ContactRouter.swift in Sources */ = {isa = PBXBuildFile; fileRef = D520450E25050CA9007B746A /* ContactRouter.swift */; };
		D520451125050CB5007B746A /* ContactConfigurator.swift in Sources */ = {isa = PBXBuildFile; fileRef = D520451025050CB5007B746A /* ContactConfigurator.swift */; };
		D520451825050D2E007B746A /* ContactViewOutput.swift in Sources */ = {isa = PBXBuildFile; fileRef = D520451725050D2E007B746A /* ContactViewOutput.swift */; };
		D520451A25050D3A007B746A /* ContactViewInput.swift in Sources */ = {isa = PBXBuildFile; fileRef = D520451925050D3A007B746A /* ContactViewInput.swift */; };
		D520451C25050D4A007B746A /* ContactModuleInput.swift in Sources */ = {isa = PBXBuildFile; fileRef = D520451B25050D4A007B746A /* ContactModuleInput.swift */; };
		D520451E25050D5A007B746A /* ContactModuleOutput.swift in Sources */ = {isa = PBXBuildFile; fileRef = D520451D25050D5A007B746A /* ContactModuleOutput.swift */; };
		D520452025050D80007B746A /* ContactInteractorOutput.swift in Sources */ = {isa = PBXBuildFile; fileRef = D520451F25050D80007B746A /* ContactInteractorOutput.swift */; };
		D520452225050D8D007B746A /* ContactInteractorInput.swift in Sources */ = {isa = PBXBuildFile; fileRef = D520452125050D8D007B746A /* ContactInteractorInput.swift */; };
		D520452425050DA1007B746A /* ContactRouterInput.swift in Sources */ = {isa = PBXBuildFile; fileRef = D520452325050DA1007B746A /* ContactRouterInput.swift */; };
		D520452625050DCF007B746A /* ContactViewController.swift in Sources */ = {isa = PBXBuildFile; fileRef = D520452525050DCF007B746A /* ContactViewController.swift */; };
		D5204528250511E0007B746A /* ContactConfigureProtocol.swift in Sources */ = {isa = PBXBuildFile; fileRef = D5204527250511E0007B746A /* ContactConfigureProtocol.swift */; };
		D52C3C75250F6A78001E34A0 /* StylesLabel.swift in Sources */ = {isa = PBXBuildFile; fileRef = D52C3C74250F6A78001E34A0 /* StylesLabel.swift */; };
		D52C3C77250F6ABB001E34A0 /* StyleTransactionButtons.swift in Sources */ = {isa = PBXBuildFile; fileRef = D52C3C76250F6ABB001E34A0 /* StyleTransactionButtons.swift */; };
		D52C3C79250F821D001E34A0 /* RoundedCorners.swift in Sources */ = {isa = PBXBuildFile; fileRef = D52C3C78250F821D001E34A0 /* RoundedCorners.swift */; };
		D52C3C7B250F83E2001E34A0 /* ChildsController.swift in Sources */ = {isa = PBXBuildFile; fileRef = D52C3C7A250F83E2001E34A0 /* ChildsController.swift */; };
		D52C3C7D250FCE98001E34A0 /* Operations.swift in Sources */ = {isa = PBXBuildFile; fileRef = D52C3C7C250FCE98001E34A0 /* Operations.swift */; };
		D52C3C7F2510B894001E34A0 /* ContactStyleButton.swift in Sources */ = {isa = PBXBuildFile; fileRef = D52C3C7E2510B894001E34A0 /* ContactStyleButton.swift */; };
		D52C3C872510CBC8001E34A0 /* MoneyTransferTests.swift in Sources */ = {isa = PBXBuildFile; fileRef = D52C3C862510CBC8001E34A0 /* MoneyTransferTests.swift */; };
		D52C3C912510D022001E34A0 /* MainViewInputSpy.swift in Sources */ = {isa = PBXBuildFile; fileRef = D52C3C902510D022001E34A0 /* MainViewInputSpy.swift */; };
		D52C3C932510D056001E34A0 /* MainViewOutputSpy.swift in Sources */ = {isa = PBXBuildFile; fileRef = D52C3C922510D056001E34A0 /* MainViewOutputSpy.swift */; };
		D53682942510F2E50077BDCB /* MainViewControllerTest.swift in Sources */ = {isa = PBXBuildFile; fileRef = D53682932510F2E50077BDCB /* MainViewControllerTest.swift */; };
		D536829A2511011B0077BDCB /* MainInteractorOutputSpy.swift in Sources */ = {isa = PBXBuildFile; fileRef = D53682992511011B0077BDCB /* MainInteractorOutputSpy.swift */; };
		D536829C251101760077BDCB /* MainInteractorInputSpy.swift in Sources */ = {isa = PBXBuildFile; fileRef = D536829B251101760077BDCB /* MainInteractorInputSpy.swift */; };
		D536829E25110F400077BDCB /* MainRouterInputSpy.swift in Sources */ = {isa = PBXBuildFile; fileRef = D536829D25110F400077BDCB /* MainRouterInputSpy.swift */; };
		D53682A025120CD10077BDCB /* MainPresenterTest.swift in Sources */ = {isa = PBXBuildFile; fileRef = D536829F25120CD10077BDCB /* MainPresenterTest.swift */; };
		D53682A325122D720077BDCB /* ContactsManagerMock.swift in Sources */ = {isa = PBXBuildFile; fileRef = D53682A225122D720077BDCB /* ContactsManagerMock.swift */; };
		D53682A525122EB00077BDCB /* UserDefaultsWorkMock.swift in Sources */ = {isa = PBXBuildFile; fileRef = D53682A425122EB00077BDCB /* UserDefaultsWorkMock.swift */; };
		D53682A725122F2D0077BDCB /* MainInteractorTests.swift in Sources */ = {isa = PBXBuildFile; fileRef = D53682A625122F2D0077BDCB /* MainInteractorTests.swift */; };
		D53682B225124BDE0077BDCB /* ContainerViewInputSpy.swift in Sources */ = {isa = PBXBuildFile; fileRef = D53682B125124BDE0077BDCB /* ContainerViewInputSpy.swift */; };
		D53682B425124BF60077BDCB /* ContainerViewOutputSpy.swift in Sources */ = {isa = PBXBuildFile; fileRef = D53682B325124BF60077BDCB /* ContainerViewOutputSpy.swift */; };
		D53682B825124C2B0077BDCB /* ContainerViewControllerTests.swift in Sources */ = {isa = PBXBuildFile; fileRef = D53682B725124C2B0077BDCB /* ContainerViewControllerTests.swift */; };
		D53682BA25124D1F0077BDCB /* MainModuleInputSpy.swift in Sources */ = {isa = PBXBuildFile; fileRef = D53682B925124D1F0077BDCB /* MainModuleInputSpy.swift */; };
		D53682C425125D790077BDCB /* ContactViewInputSpy.swift in Sources */ = {isa = PBXBuildFile; fileRef = D53682C325125D790077BDCB /* ContactViewInputSpy.swift */; };
		D53682C625125E740077BDCB /* ContactViewOutputSpy.swift in Sources */ = {isa = PBXBuildFile; fileRef = D53682C525125E740077BDCB /* ContactViewOutputSpy.swift */; };
		D53682C825125ED40077BDCB /* ContactViewControllerTests.swift in Sources */ = {isa = PBXBuildFile; fileRef = D53682C725125ED40077BDCB /* ContactViewControllerTests.swift */; };
		D53682CA25125FB50077BDCB /* ContactConfiguratorMock.swift in Sources */ = {isa = PBXBuildFile; fileRef = D53682C925125FB50077BDCB /* ContactConfiguratorMock.swift */; };
		D53682CC251262E40077BDCB /* ContactPresenterTest.swift in Sources */ = {isa = PBXBuildFile; fileRef = D53682CB251262E40077BDCB /* ContactPresenterTest.swift */; };
		D53682CE251263320077BDCB /* ContactInteractorInputSpy.swift in Sources */ = {isa = PBXBuildFile; fileRef = D53682CD251263320077BDCB /* ContactInteractorInputSpy.swift */; };
		D53682D5251265980077BDCB /* TransactionViewInputSpy.swift in Sources */ = {isa = PBXBuildFile; fileRef = D53682D4251265980077BDCB /* TransactionViewInputSpy.swift */; };
		D53682D7251266D80077BDCB /* TransactionViewOutputSpy.swift in Sources */ = {isa = PBXBuildFile; fileRef = D53682D6251266D80077BDCB /* TransactionViewOutputSpy.swift */; };
		D53682D9251267870077BDCB /* TransactionConfiguratorMock.swift in Sources */ = {isa = PBXBuildFile; fileRef = D53682D8251267870077BDCB /* TransactionConfiguratorMock.swift */; };
		D53682DB251268570077BDCB /* TransactionViewControllerTests.swift in Sources */ = {isa = PBXBuildFile; fileRef = D53682DA251268570077BDCB /* TransactionViewControllerTests.swift */; };
		D59DB6B2250A47890068888D /* ContainerModuleOutput.swift in Sources */ = {isa = PBXBuildFile; fileRef = D59DB6A5250A47880068888D /* ContainerModuleOutput.swift */; };
		D59DB6B3250A47890068888D /* ContainerViewController.swift in Sources */ = {isa = PBXBuildFile; fileRef = D59DB6A6250A47880068888D /* ContainerViewController.swift */; };
		D59DB6B4250A47890068888D /* ContainerInteractorInput.swift in Sources */ = {isa = PBXBuildFile; fileRef = D59DB6A7250A47880068888D /* ContainerInteractorInput.swift */; };
		D59DB6B5250A47890068888D /* ContainerConfigurator.swift in Sources */ = {isa = PBXBuildFile; fileRef = D59DB6A8250A47880068888D /* ContainerConfigurator.swift */; };
		D59DB6B6250A47890068888D /* ContainerInteractor.swift in Sources */ = {isa = PBXBuildFile; fileRef = D59DB6A9250A47890068888D /* ContainerInteractor.swift */; };
		D59DB6B7250A47890068888D /* ContainerRouterInput.swift in Sources */ = {isa = PBXBuildFile; fileRef = D59DB6AA250A47890068888D /* ContainerRouterInput.swift */; };
		D59DB6B8250A47890068888D /* ContainerConfiguratorProtocol.swift in Sources */ = {isa = PBXBuildFile; fileRef = D59DB6AB250A47890068888D /* ContainerConfiguratorProtocol.swift */; };
		D59DB6B9250A47890068888D /* ContainerRouter.swift in Sources */ = {isa = PBXBuildFile; fileRef = D59DB6AC250A47890068888D /* ContainerRouter.swift */; };
		D59DB6BA250A47890068888D /* ContainerPresenter.swift in Sources */ = {isa = PBXBuildFile; fileRef = D59DB6AD250A47890068888D /* ContainerPresenter.swift */; };
		D59DB6BB250A47890068888D /* ContainerModuleInput.swift in Sources */ = {isa = PBXBuildFile; fileRef = D59DB6AE250A47890068888D /* ContainerModuleInput.swift */; };
		D59DB6BC250A47890068888D /* ContainerInteractorOutput.swift in Sources */ = {isa = PBXBuildFile; fileRef = D59DB6AF250A47890068888D /* ContainerInteractorOutput.swift */; };
		D59DB6BD250A47890068888D /* ContainerViewInput.swift in Sources */ = {isa = PBXBuildFile; fileRef = D59DB6B0250A47890068888D /* ContainerViewInput.swift */; };
		D59DB6BE250A47890068888D /* ContainerViewOutput.swift in Sources */ = {isa = PBXBuildFile; fileRef = D59DB6B1250A47890068888D /* ContainerViewOutput.swift */; };
		D59DB6C6250A48D40068888D /* ChildAddAndRemove.swift in Sources */ = {isa = PBXBuildFile; fileRef = D59DB6C5250A48D40068888D /* ChildAddAndRemove.swift */; };
		D59DB6C8250A50160068888D /* ViewSize.swift in Sources */ = {isa = PBXBuildFile; fileRef = D59DB6C7250A50160068888D /* ViewSize.swift */; };
		D59DB6D5250D470D0068888D /* Balance.swift in Sources */ = {isa = PBXBuildFile; fileRef = D59DB6D4250D470D0068888D /* Balance.swift */; };
		D59DB6D7250E34350068888D /* MainModuleInput.swift in Sources */ = {isa = PBXBuildFile; fileRef = D59DB6D6250E34350068888D /* MainModuleInput.swift */; };
		D59DB6D9250E34440068888D /* MainModuleOutput.swift in Sources */ = {isa = PBXBuildFile; fileRef = D59DB6D8250E34440068888D /* MainModuleOutput.swift */; };
		D5A0BF6B25079BE70080737E /* TransactionPresenter.swift in Sources */ = {isa = PBXBuildFile; fileRef = D5A0BF6A25079BE70080737E /* TransactionPresenter.swift */; };
		D5A0BF6D25079BF20080737E /* TransactionInteractor.swift in Sources */ = {isa = PBXBuildFile; fileRef = D5A0BF6C25079BF20080737E /* TransactionInteractor.swift */; };
		D5A0BF6F25079BFE0080737E /* TransactionRouter.swift in Sources */ = {isa = PBXBuildFile; fileRef = D5A0BF6E25079BFE0080737E /* TransactionRouter.swift */; };
		D5A0BF7125079C0D0080737E /* TransactionConfigurator.swift in Sources */ = {isa = PBXBuildFile; fileRef = D5A0BF7025079C0D0080737E /* TransactionConfigurator.swift */; };
		D5A0BF7825079CEF0080737E /* TransactionViewInput.swift in Sources */ = {isa = PBXBuildFile; fileRef = D5A0BF7725079CEF0080737E /* TransactionViewInput.swift */; };
		D5A0BF7A25079CF90080737E /* TransactionViewOutput.swift in Sources */ = {isa = PBXBuildFile; fileRef = D5A0BF7925079CF90080737E /* TransactionViewOutput.swift */; };
		D5A0BF7C25079D990080737E /* TransactionModuleInput.swift in Sources */ = {isa = PBXBuildFile; fileRef = D5A0BF7B25079D990080737E /* TransactionModuleInput.swift */; };
		D5A0BF7E25079DC10080737E /* TransactionModuleOutput.swift in Sources */ = {isa = PBXBuildFile; fileRef = D5A0BF7D25079DC10080737E /* TransactionModuleOutput.swift */; };
		D5A0BF8025079DD40080737E /* TransactionInteractorInput.swift in Sources */ = {isa = PBXBuildFile; fileRef = D5A0BF7F25079DD40080737E /* TransactionInteractorInput.swift */; };
		D5A0BF8225079DE00080737E /* TransactionInteractorOutput.swift in Sources */ = {isa = PBXBuildFile; fileRef = D5A0BF8125079DE00080737E /* TransactionInteractorOutput.swift */; };
		D5A0BF8425079DF50080737E /* TransactionRouterInput.swift in Sources */ = {isa = PBXBuildFile; fileRef = D5A0BF8325079DF50080737E /* TransactionRouterInput.swift */; };
		D5A0BF8625079E060080737E /* TransactionConfiguratorProtocol.swift in Sources */ = {isa = PBXBuildFile; fileRef = D5A0BF8525079E060080737E /* TransactionConfiguratorProtocol.swift */; };
		D5A0BF8825079EC20080737E /* TransactionViewController.swift in Sources */ = {isa = PBXBuildFile; fileRef = D5A0BF8725079EC20080737E /* TransactionViewController.swift */; };
		D5A0BF8D2509FC3E0080737E /* UserDefaulsWork.swift in Sources */ = {isa = PBXBuildFile; fileRef = D5A0BF8C2509FC3E0080737E /* UserDefaulsWork.swift */; };
		D5A0BF902509FD1B0080737E /* UserDefaultsWorkProtocol.swift in Sources */ = {isa = PBXBuildFile; fileRef = D5A0BF8F2509FD1B0080737E /* UserDefaultsWorkProtocol.swift */; };
		D5A0BF93250A034B0080737E /* Status.swift in Sources */ = {isa = PBXBuildFile; fileRef = D5A0BF92250A034B0080737E /* Status.swift */; };
		D5A0BF9C250A1E640080737E /* TreatmentViewController.swift in Sources */ = {isa = PBXBuildFile; fileRef = D5A0BF9B250A1E640080737E /* TreatmentViewController.swift */; };
		D5A0BF9E250A1E9C0080737E /* TreatmentPresenter.swift in Sources */ = {isa = PBXBuildFile; fileRef = D5A0BF9D250A1E9C0080737E /* TreatmentPresenter.swift */; };
		D5A0BFA0250A1EAC0080737E /* TreatmentInteractor.swift in Sources */ = {isa = PBXBuildFile; fileRef = D5A0BF9F250A1EAC0080737E /* TreatmentInteractor.swift */; };
		D5A0BFA2250A1EC80080737E /* TreatmentRouter.swift in Sources */ = {isa = PBXBuildFile; fileRef = D5A0BFA1250A1EC80080737E /* TreatmentRouter.swift */; };
		D5A0BFA4250A1ED40080737E /* TreatmentConfigurator.swift in Sources */ = {isa = PBXBuildFile; fileRef = D5A0BFA3250A1ED40080737E /* TreatmentConfigurator.swift */; };
		D5A0BFA6250A1FBC0080737E /* TreatmentViewInput.swift in Sources */ = {isa = PBXBuildFile; fileRef = D5A0BFA5250A1FBC0080737E /* TreatmentViewInput.swift */; };
		D5A0BFA8250A1FC80080737E /* TreatmentViewOutput.swift in Sources */ = {isa = PBXBuildFile; fileRef = D5A0BFA7250A1FC80080737E /* TreatmentViewOutput.swift */; };
		D5A0BFAA250A1FDA0080737E /* TreatmentModuleInput.swift in Sources */ = {isa = PBXBuildFile; fileRef = D5A0BFA9250A1FDA0080737E /* TreatmentModuleInput.swift */; };
		D5A0BFAC250A1FE80080737E /* TreatmentModuleOutput.swift in Sources */ = {isa = PBXBuildFile; fileRef = D5A0BFAB250A1FE80080737E /* TreatmentModuleOutput.swift */; };
		D5A0BFAE250A1FFB0080737E /* TreatmentInteractorInput.swift in Sources */ = {isa = PBXBuildFile; fileRef = D5A0BFAD250A1FFB0080737E /* TreatmentInteractorInput.swift */; };
		D5A0BFB0250A20060080737E /* TreatmentInteractorOutput.swift in Sources */ = {isa = PBXBuildFile; fileRef = D5A0BFAF250A20060080737E /* TreatmentInteractorOutput.swift */; };
		D5A0BFB2250A20100080737E /* TreatmentRouterInput.swift in Sources */ = {isa = PBXBuildFile; fileRef = D5A0BFB1250A20100080737E /* TreatmentRouterInput.swift */; };
		D5A0BFB4250A201E0080737E /* TreatmentConfiguratorProtocol.swift in Sources */ = {isa = PBXBuildFile; fileRef = D5A0BFB3250A201E0080737E /* TreatmentConfiguratorProtocol.swift */; };
		D5A0BFE0250A40F10080737E /* SuccessConfiguratorProtocol.swift in Sources */ = {isa = PBXBuildFile; fileRef = D5A0BFD3250A40F10080737E /* SuccessConfiguratorProtocol.swift */; };
		D5A0BFE1250A40F10080737E /* SuccessViewOutput.swift in Sources */ = {isa = PBXBuildFile; fileRef = D5A0BFD4250A40F10080737E /* SuccessViewOutput.swift */; };
		D5A0BFE2250A40F10080737E /* SuccessViewInput.swift in Sources */ = {isa = PBXBuildFile; fileRef = D5A0BFD5250A40F10080737E /* SuccessViewInput.swift */; };
		D5A0BFE3250A40F10080737E /* SuccessViewController.swift in Sources */ = {isa = PBXBuildFile; fileRef = D5A0BFD6250A40F10080737E /* SuccessViewController.swift */; };
		D5A0BFE4250A40F10080737E /* SuccessPresenter.swift in Sources */ = {isa = PBXBuildFile; fileRef = D5A0BFD7250A40F10080737E /* SuccessPresenter.swift */; };
		D5A0BFE5250A40F10080737E /* SuccessConfigurator.swift in Sources */ = {isa = PBXBuildFile; fileRef = D5A0BFD8250A40F10080737E /* SuccessConfigurator.swift */; };
		D5A0BFE6250A40F10080737E /* SuccessInteractorInput.swift in Sources */ = {isa = PBXBuildFile; fileRef = D5A0BFD9250A40F10080737E /* SuccessInteractorInput.swift */; };
		D5A0BFE7250A40F10080737E /* SuccessRouter.swift in Sources */ = {isa = PBXBuildFile; fileRef = D5A0BFDA250A40F10080737E /* SuccessRouter.swift */; };
		D5A0BFE8250A40F10080737E /* SuccessModuleOutput.swift in Sources */ = {isa = PBXBuildFile; fileRef = D5A0BFDB250A40F10080737E /* SuccessModuleOutput.swift */; };
		D5A0BFE9250A40F10080737E /* SuccessRouterInput.swift in Sources */ = {isa = PBXBuildFile; fileRef = D5A0BFDC250A40F10080737E /* SuccessRouterInput.swift */; };
		D5A0BFEA250A40F10080737E /* SuccessInteractor.swift in Sources */ = {isa = PBXBuildFile; fileRef = D5A0BFDD250A40F10080737E /* SuccessInteractor.swift */; };
		D5A0BFEB250A40F10080737E /* SuccessModuleInput.swift in Sources */ = {isa = PBXBuildFile; fileRef = D5A0BFDE250A40F10080737E /* SuccessModuleInput.swift */; };
		D5A0BFEC250A40F10080737E /* SuccessInteractorOutput.swift in Sources */ = {isa = PBXBuildFile; fileRef = D5A0BFDF250A40F10080737E /* SuccessInteractorOutput.swift */; };
		D5B03FF024FBF76B0023E5DE /* MainViewInput.swift in Sources */ = {isa = PBXBuildFile; fileRef = D5B03FEF24FBF76B0023E5DE /* MainViewInput.swift */; };
		D5B03FF224FBF7870023E5DE /* MainViewOutput.swift in Sources */ = {isa = PBXBuildFile; fileRef = D5B03FF124FBF7870023E5DE /* MainViewOutput.swift */; };
		D5B03FF424FBF8A60023E5DE /* MainConfiguratorProtocol.swift in Sources */ = {isa = PBXBuildFile; fileRef = D5B03FF324FBF8A60023E5DE /* MainConfiguratorProtocol.swift */; };
		D5B03FF624FBF8CE0023E5DE /* MainInteractorOutput.swift in Sources */ = {isa = PBXBuildFile; fileRef = D5B03FF524FBF8CE0023E5DE /* MainInteractorOutput.swift */; };
		D5B03FF824FBF8D80023E5DE /* MainInteractorInput.swift in Sources */ = {isa = PBXBuildFile; fileRef = D5B03FF724FBF8D80023E5DE /* MainInteractorInput.swift */; };
		D5B03FFA24FBF9260023E5DE /* MainRouterInput.swift in Sources */ = {isa = PBXBuildFile; fileRef = D5B03FF924FBF9260023E5DE /* MainRouterInput.swift */; };
		D5B03FFD24FBFB200023E5DE /* CustomTableView.swift in Sources */ = {isa = PBXBuildFile; fileRef = D5B03FFC24FBFB200023E5DE /* CustomTableView.swift */; };
		D5B03FFF24FBFB420023E5DE /* CustomTableViewCell.swift in Sources */ = {isa = PBXBuildFile; fileRef = D5B03FFE24FBFB420023E5DE /* CustomTableViewCell.swift */; };
		D5B0400324FCE7420023E5DE /* CardTableViewCell.swift in Sources */ = {isa = PBXBuildFile; fileRef = D5B0400224FCE7420023E5DE /* CardTableViewCell.swift */; };
		D5B0400624FD091D0023E5DE /* Person.swift in Sources */ = {isa = PBXBuildFile; fileRef = D5B0400524FD091D0023E5DE /* Person.swift */; };
		D5B0400924FD0A1C0023E5DE /* ContactsManager.swift in Sources */ = {isa = PBXBuildFile; fileRef = D5B0400824FD0A1C0023E5DE /* ContactsManager.swift */; };
		D5B0400B24FD18A50023E5DE /* ContactsManagerProtocol.swift in Sources */ = {isa = PBXBuildFile; fileRef = D5B0400A24FD18A50023E5DE /* ContactsManagerProtocol.swift */; };
		D5E877252510E90E007E80F3 /* MainConfiguratorMock.swift in Sources */ = {isa = PBXBuildFile; fileRef = D5E877242510E90E007E80F3 /* MainConfiguratorMock.swift */; };
/* End PBXBuildFile section */

/* Begin PBXContainerItemProxy section */
		D52C3C892510CBC8001E34A0 /* PBXContainerItemProxy */ = {
			isa = PBXContainerItemProxy;
			containerPortal = D50F50EF24DD6F760042BAD2 /* Project object */;
			proxyType = 1;
			remoteGlobalIDString = D50F50F624DD6F760042BAD2;
			remoteInfo = MoneyTransfer;
		};
/* End PBXContainerItemProxy section */

/* Begin PBXFileReference section */
		D50F50F724DD6F760042BAD2 /* MoneyTransfer.app */ = {isa = PBXFileReference; explicitFileType = wrapper.application; includeInIndex = 0; path = MoneyTransfer.app; sourceTree = BUILT_PRODUCTS_DIR; };
		D50F50FA24DD6F760042BAD2 /* AppDelegate.swift */ = {isa = PBXFileReference; lastKnownFileType = sourcecode.swift; path = AppDelegate.swift; sourceTree = "<group>"; };
		D50F50FC24DD6F760042BAD2 /* SceneDelegate.swift */ = {isa = PBXFileReference; lastKnownFileType = sourcecode.swift; path = SceneDelegate.swift; sourceTree = "<group>"; };
		D50F510124DD6F760042BAD2 /* Base */ = {isa = PBXFileReference; lastKnownFileType = file.storyboard; name = Base; path = Base.lproj/Main.storyboard; sourceTree = "<group>"; };
		D50F510324DD6F790042BAD2 /* Assets.xcassets */ = {isa = PBXFileReference; lastKnownFileType = folder.assetcatalog; path = Assets.xcassets; sourceTree = "<group>"; };
		D50F510624DD6F790042BAD2 /* Base */ = {isa = PBXFileReference; lastKnownFileType = file.storyboard; name = Base; path = Base.lproj/LaunchScreen.storyboard; sourceTree = "<group>"; };
		D50F510824DD6F790042BAD2 /* Info.plist */ = {isa = PBXFileReference; lastKnownFileType = text.plist.xml; path = Info.plist; sourceTree = "<group>"; };
		D50F510F24DD72E00042BAD2 /* MainViewController.swift */ = {isa = PBXFileReference; lastKnownFileType = sourcecode.swift; path = MainViewController.swift; sourceTree = "<group>"; };
		D50F511124DD72EB0042BAD2 /* MainPresenter.swift */ = {isa = PBXFileReference; lastKnownFileType = sourcecode.swift; path = MainPresenter.swift; sourceTree = "<group>"; };
		D50F511324DD72FA0042BAD2 /* MainInteractor.swift */ = {isa = PBXFileReference; lastKnownFileType = sourcecode.swift; path = MainInteractor.swift; sourceTree = "<group>"; };
		D50F511524DD73050042BAD2 /* MainRouter.swift */ = {isa = PBXFileReference; lastKnownFileType = sourcecode.swift; path = MainRouter.swift; sourceTree = "<group>"; };
		D50F511724DD730F0042BAD2 /* MainConfigurator.swift */ = {isa = PBXFileReference; lastKnownFileType = sourcecode.swift; path = MainConfigurator.swift; sourceTree = "<group>"; };
		D520450A25050C90007B746A /* ContactPresenter.swift */ = {isa = PBXFileReference; lastKnownFileType = sourcecode.swift; path = ContactPresenter.swift; sourceTree = "<group>"; };
		D520450C25050C9B007B746A /* ContactInteractor.swift */ = {isa = PBXFileReference; lastKnownFileType = sourcecode.swift; path = ContactInteractor.swift; sourceTree = "<group>"; };
		D520450E25050CA9007B746A /* ContactRouter.swift */ = {isa = PBXFileReference; lastKnownFileType = sourcecode.swift; path = ContactRouter.swift; sourceTree = "<group>"; };
		D520451025050CB5007B746A /* ContactConfigurator.swift */ = {isa = PBXFileReference; lastKnownFileType = sourcecode.swift; path = ContactConfigurator.swift; sourceTree = "<group>"; };
		D520451725050D2E007B746A /* ContactViewOutput.swift */ = {isa = PBXFileReference; lastKnownFileType = sourcecode.swift; path = ContactViewOutput.swift; sourceTree = "<group>"; };
		D520451925050D3A007B746A /* ContactViewInput.swift */ = {isa = PBXFileReference; lastKnownFileType = sourcecode.swift; path = ContactViewInput.swift; sourceTree = "<group>"; };
		D520451B25050D4A007B746A /* ContactModuleInput.swift */ = {isa = PBXFileReference; lastKnownFileType = sourcecode.swift; path = ContactModuleInput.swift; sourceTree = "<group>"; };
		D520451D25050D5A007B746A /* ContactModuleOutput.swift */ = {isa = PBXFileReference; lastKnownFileType = sourcecode.swift; path = ContactModuleOutput.swift; sourceTree = "<group>"; };
		D520451F25050D80007B746A /* ContactInteractorOutput.swift */ = {isa = PBXFileReference; lastKnownFileType = sourcecode.swift; path = ContactInteractorOutput.swift; sourceTree = "<group>"; };
		D520452125050D8D007B746A /* ContactInteractorInput.swift */ = {isa = PBXFileReference; lastKnownFileType = sourcecode.swift; path = ContactInteractorInput.swift; sourceTree = "<group>"; };
		D520452325050DA1007B746A /* ContactRouterInput.swift */ = {isa = PBXFileReference; lastKnownFileType = sourcecode.swift; path = ContactRouterInput.swift; sourceTree = "<group>"; };
		D520452525050DCF007B746A /* ContactViewController.swift */ = {isa = PBXFileReference; lastKnownFileType = sourcecode.swift; path = ContactViewController.swift; sourceTree = "<group>"; };
		D5204527250511E0007B746A /* ContactConfigureProtocol.swift */ = {isa = PBXFileReference; lastKnownFileType = sourcecode.swift; path = ContactConfigureProtocol.swift; sourceTree = "<group>"; };
		D52C3C74250F6A78001E34A0 /* StylesLabel.swift */ = {isa = PBXFileReference; lastKnownFileType = sourcecode.swift; path = StylesLabel.swift; sourceTree = "<group>"; };
		D52C3C76250F6ABB001E34A0 /* StyleTransactionButtons.swift */ = {isa = PBXFileReference; lastKnownFileType = sourcecode.swift; path = StyleTransactionButtons.swift; sourceTree = "<group>"; };
		D52C3C78250F821D001E34A0 /* RoundedCorners.swift */ = {isa = PBXFileReference; lastKnownFileType = sourcecode.swift; path = RoundedCorners.swift; sourceTree = "<group>"; };
		D52C3C7A250F83E2001E34A0 /* ChildsController.swift */ = {isa = PBXFileReference; lastKnownFileType = sourcecode.swift; path = ChildsController.swift; sourceTree = "<group>"; };
		D52C3C7C250FCE98001E34A0 /* Operations.swift */ = {isa = PBXFileReference; lastKnownFileType = sourcecode.swift; path = Operations.swift; sourceTree = "<group>"; };
		D52C3C7E2510B894001E34A0 /* ContactStyleButton.swift */ = {isa = PBXFileReference; lastKnownFileType = sourcecode.swift; path = ContactStyleButton.swift; sourceTree = "<group>"; };
		D52C3C842510CBC8001E34A0 /* MoneyTransferTests.xctest */ = {isa = PBXFileReference; explicitFileType = wrapper.cfbundle; includeInIndex = 0; path = MoneyTransferTests.xctest; sourceTree = BUILT_PRODUCTS_DIR; };
		D52C3C862510CBC8001E34A0 /* MoneyTransferTests.swift */ = {isa = PBXFileReference; lastKnownFileType = sourcecode.swift; path = MoneyTransferTests.swift; sourceTree = "<group>"; };
		D52C3C882510CBC8001E34A0 /* Info.plist */ = {isa = PBXFileReference; lastKnownFileType = text.plist.xml; path = Info.plist; sourceTree = "<group>"; };
		D52C3C902510D022001E34A0 /* MainViewInputSpy.swift */ = {isa = PBXFileReference; lastKnownFileType = sourcecode.swift; path = MainViewInputSpy.swift; sourceTree = "<group>"; };
		D52C3C922510D056001E34A0 /* MainViewOutputSpy.swift */ = {isa = PBXFileReference; lastKnownFileType = sourcecode.swift; path = MainViewOutputSpy.swift; sourceTree = "<group>"; };
		D53682932510F2E50077BDCB /* MainViewControllerTest.swift */ = {isa = PBXFileReference; lastKnownFileType = sourcecode.swift; path = MainViewControllerTest.swift; sourceTree = "<group>"; };
		D53682992511011B0077BDCB /* MainInteractorOutputSpy.swift */ = {isa = PBXFileReference; lastKnownFileType = sourcecode.swift; path = MainInteractorOutputSpy.swift; sourceTree = "<group>"; };
		D536829B251101760077BDCB /* MainInteractorInputSpy.swift */ = {isa = PBXFileReference; lastKnownFileType = sourcecode.swift; path = MainInteractorInputSpy.swift; sourceTree = "<group>"; };
		D536829D25110F400077BDCB /* MainRouterInputSpy.swift */ = {isa = PBXFileReference; lastKnownFileType = sourcecode.swift; path = MainRouterInputSpy.swift; sourceTree = "<group>"; };
		D536829F25120CD10077BDCB /* MainPresenterTest.swift */ = {isa = PBXFileReference; lastKnownFileType = sourcecode.swift; path = MainPresenterTest.swift; sourceTree = "<group>"; };
		D53682A225122D720077BDCB /* ContactsManagerMock.swift */ = {isa = PBXFileReference; lastKnownFileType = sourcecode.swift; path = ContactsManagerMock.swift; sourceTree = "<group>"; };
		D53682A425122EB00077BDCB /* UserDefaultsWorkMock.swift */ = {isa = PBXFileReference; lastKnownFileType = sourcecode.swift; path = UserDefaultsWorkMock.swift; sourceTree = "<group>"; };
		D53682A625122F2D0077BDCB /* MainInteractorTests.swift */ = {isa = PBXFileReference; lastKnownFileType = sourcecode.swift; path = MainInteractorTests.swift; sourceTree = "<group>"; };
		D53682B125124BDE0077BDCB /* ContainerViewInputSpy.swift */ = {isa = PBXFileReference; lastKnownFileType = sourcecode.swift; path = ContainerViewInputSpy.swift; sourceTree = "<group>"; };
		D53682B325124BF60077BDCB /* ContainerViewOutputSpy.swift */ = {isa = PBXFileReference; lastKnownFileType = sourcecode.swift; path = ContainerViewOutputSpy.swift; sourceTree = "<group>"; };
		D53682B725124C2B0077BDCB /* ContainerViewControllerTests.swift */ = {isa = PBXFileReference; lastKnownFileType = sourcecode.swift; path = ContainerViewControllerTests.swift; sourceTree = "<group>"; };
		D53682B925124D1F0077BDCB /* MainModuleInputSpy.swift */ = {isa = PBXFileReference; lastKnownFileType = sourcecode.swift; path = MainModuleInputSpy.swift; sourceTree = "<group>"; };
		D53682C325125D790077BDCB /* ContactViewInputSpy.swift */ = {isa = PBXFileReference; lastKnownFileType = sourcecode.swift; path = ContactViewInputSpy.swift; sourceTree = "<group>"; };
		D53682C525125E740077BDCB /* ContactViewOutputSpy.swift */ = {isa = PBXFileReference; lastKnownFileType = sourcecode.swift; path = ContactViewOutputSpy.swift; sourceTree = "<group>"; };
		D53682C725125ED40077BDCB /* ContactViewControllerTests.swift */ = {isa = PBXFileReference; lastKnownFileType = sourcecode.swift; path = ContactViewControllerTests.swift; sourceTree = "<group>"; };
		D53682C925125FB50077BDCB /* ContactConfiguratorMock.swift */ = {isa = PBXFileReference; lastKnownFileType = sourcecode.swift; path = ContactConfiguratorMock.swift; sourceTree = "<group>"; };
		D53682CB251262E40077BDCB /* ContactPresenterTest.swift */ = {isa = PBXFileReference; lastKnownFileType = sourcecode.swift; path = ContactPresenterTest.swift; sourceTree = "<group>"; };
		D53682CD251263320077BDCB /* ContactInteractorInputSpy.swift */ = {isa = PBXFileReference; lastKnownFileType = sourcecode.swift; path = ContactInteractorInputSpy.swift; sourceTree = "<group>"; };
		D53682D4251265980077BDCB /* TransactionViewInputSpy.swift */ = {isa = PBXFileReference; lastKnownFileType = sourcecode.swift; path = TransactionViewInputSpy.swift; sourceTree = "<group>"; };
		D53682D6251266D80077BDCB /* TransactionViewOutputSpy.swift */ = {isa = PBXFileReference; lastKnownFileType = sourcecode.swift; path = TransactionViewOutputSpy.swift; sourceTree = "<group>"; };
		D53682D8251267870077BDCB /* TransactionConfiguratorMock.swift */ = {isa = PBXFileReference; lastKnownFileType = sourcecode.swift; path = TransactionConfiguratorMock.swift; sourceTree = "<group>"; };
		D53682DA251268570077BDCB /* TransactionViewControllerTests.swift */ = {isa = PBXFileReference; lastKnownFileType = sourcecode.swift; path = TransactionViewControllerTests.swift; sourceTree = "<group>"; };
		D59DB6A5250A47880068888D /* ContainerModuleOutput.swift */ = {isa = PBXFileReference; fileEncoding = 4; lastKnownFileType = sourcecode.swift; path = ContainerModuleOutput.swift; sourceTree = "<group>"; };
		D59DB6A6250A47880068888D /* ContainerViewController.swift */ = {isa = PBXFileReference; fileEncoding = 4; lastKnownFileType = sourcecode.swift; path = ContainerViewController.swift; sourceTree = "<group>"; };
		D59DB6A7250A47880068888D /* ContainerInteractorInput.swift */ = {isa = PBXFileReference; fileEncoding = 4; lastKnownFileType = sourcecode.swift; path = ContainerInteractorInput.swift; sourceTree = "<group>"; };
		D59DB6A8250A47880068888D /* ContainerConfigurator.swift */ = {isa = PBXFileReference; fileEncoding = 4; lastKnownFileType = sourcecode.swift; path = ContainerConfigurator.swift; sourceTree = "<group>"; };
		D59DB6A9250A47890068888D /* ContainerInteractor.swift */ = {isa = PBXFileReference; fileEncoding = 4; lastKnownFileType = sourcecode.swift; path = ContainerInteractor.swift; sourceTree = "<group>"; };
		D59DB6AA250A47890068888D /* ContainerRouterInput.swift */ = {isa = PBXFileReference; fileEncoding = 4; lastKnownFileType = sourcecode.swift; path = ContainerRouterInput.swift; sourceTree = "<group>"; };
		D59DB6AB250A47890068888D /* ContainerConfiguratorProtocol.swift */ = {isa = PBXFileReference; fileEncoding = 4; lastKnownFileType = sourcecode.swift; path = ContainerConfiguratorProtocol.swift; sourceTree = "<group>"; };
		D59DB6AC250A47890068888D /* ContainerRouter.swift */ = {isa = PBXFileReference; fileEncoding = 4; lastKnownFileType = sourcecode.swift; path = ContainerRouter.swift; sourceTree = "<group>"; };
		D59DB6AD250A47890068888D /* ContainerPresenter.swift */ = {isa = PBXFileReference; fileEncoding = 4; lastKnownFileType = sourcecode.swift; path = ContainerPresenter.swift; sourceTree = "<group>"; };
		D59DB6AE250A47890068888D /* ContainerModuleInput.swift */ = {isa = PBXFileReference; fileEncoding = 4; lastKnownFileType = sourcecode.swift; path = ContainerModuleInput.swift; sourceTree = "<group>"; };
		D59DB6AF250A47890068888D /* ContainerInteractorOutput.swift */ = {isa = PBXFileReference; fileEncoding = 4; lastKnownFileType = sourcecode.swift; path = ContainerInteractorOutput.swift; sourceTree = "<group>"; };
		D59DB6B0250A47890068888D /* ContainerViewInput.swift */ = {isa = PBXFileReference; fileEncoding = 4; lastKnownFileType = sourcecode.swift; path = ContainerViewInput.swift; sourceTree = "<group>"; };
		D59DB6B1250A47890068888D /* ContainerViewOutput.swift */ = {isa = PBXFileReference; fileEncoding = 4; lastKnownFileType = sourcecode.swift; path = ContainerViewOutput.swift; sourceTree = "<group>"; };
		D59DB6C5250A48D40068888D /* ChildAddAndRemove.swift */ = {isa = PBXFileReference; lastKnownFileType = sourcecode.swift; path = ChildAddAndRemove.swift; sourceTree = "<group>"; };
		D59DB6C7250A50160068888D /* ViewSize.swift */ = {isa = PBXFileReference; lastKnownFileType = sourcecode.swift; path = ViewSize.swift; sourceTree = "<group>"; };
		D59DB6D4250D470D0068888D /* Balance.swift */ = {isa = PBXFileReference; lastKnownFileType = sourcecode.swift; path = Balance.swift; sourceTree = "<group>"; };
		D59DB6D6250E34350068888D /* MainModuleInput.swift */ = {isa = PBXFileReference; lastKnownFileType = sourcecode.swift; path = MainModuleInput.swift; sourceTree = "<group>"; };
		D59DB6D8250E34440068888D /* MainModuleOutput.swift */ = {isa = PBXFileReference; lastKnownFileType = sourcecode.swift; path = MainModuleOutput.swift; sourceTree = "<group>"; };
		D5A0BF6A25079BE70080737E /* TransactionPresenter.swift */ = {isa = PBXFileReference; lastKnownFileType = sourcecode.swift; path = TransactionPresenter.swift; sourceTree = "<group>"; };
		D5A0BF6C25079BF20080737E /* TransactionInteractor.swift */ = {isa = PBXFileReference; lastKnownFileType = sourcecode.swift; path = TransactionInteractor.swift; sourceTree = "<group>"; };
		D5A0BF6E25079BFE0080737E /* TransactionRouter.swift */ = {isa = PBXFileReference; lastKnownFileType = sourcecode.swift; path = TransactionRouter.swift; sourceTree = "<group>"; };
		D5A0BF7025079C0D0080737E /* TransactionConfigurator.swift */ = {isa = PBXFileReference; lastKnownFileType = sourcecode.swift; path = TransactionConfigurator.swift; sourceTree = "<group>"; };
		D5A0BF7725079CEF0080737E /* TransactionViewInput.swift */ = {isa = PBXFileReference; lastKnownFileType = sourcecode.swift; path = TransactionViewInput.swift; sourceTree = "<group>"; };
		D5A0BF7925079CF90080737E /* TransactionViewOutput.swift */ = {isa = PBXFileReference; lastKnownFileType = sourcecode.swift; path = TransactionViewOutput.swift; sourceTree = "<group>"; };
		D5A0BF7B25079D990080737E /* TransactionModuleInput.swift */ = {isa = PBXFileReference; lastKnownFileType = sourcecode.swift; path = TransactionModuleInput.swift; sourceTree = "<group>"; };
		D5A0BF7D25079DC10080737E /* TransactionModuleOutput.swift */ = {isa = PBXFileReference; lastKnownFileType = sourcecode.swift; path = TransactionModuleOutput.swift; sourceTree = "<group>"; };
		D5A0BF7F25079DD40080737E /* TransactionInteractorInput.swift */ = {isa = PBXFileReference; lastKnownFileType = sourcecode.swift; path = TransactionInteractorInput.swift; sourceTree = "<group>"; };
		D5A0BF8125079DE00080737E /* TransactionInteractorOutput.swift */ = {isa = PBXFileReference; lastKnownFileType = sourcecode.swift; path = TransactionInteractorOutput.swift; sourceTree = "<group>"; };
		D5A0BF8325079DF50080737E /* TransactionRouterInput.swift */ = {isa = PBXFileReference; lastKnownFileType = sourcecode.swift; path = TransactionRouterInput.swift; sourceTree = "<group>"; };
		D5A0BF8525079E060080737E /* TransactionConfiguratorProtocol.swift */ = {isa = PBXFileReference; lastKnownFileType = sourcecode.swift; path = TransactionConfiguratorProtocol.swift; sourceTree = "<group>"; };
		D5A0BF8725079EC20080737E /* TransactionViewController.swift */ = {isa = PBXFileReference; lastKnownFileType = sourcecode.swift; path = TransactionViewController.swift; sourceTree = "<group>"; };
		D5A0BF8C2509FC3E0080737E /* UserDefaulsWork.swift */ = {isa = PBXFileReference; lastKnownFileType = sourcecode.swift; path = UserDefaulsWork.swift; sourceTree = "<group>"; };
		D5A0BF8F2509FD1B0080737E /* UserDefaultsWorkProtocol.swift */ = {isa = PBXFileReference; lastKnownFileType = sourcecode.swift; path = UserDefaultsWorkProtocol.swift; sourceTree = "<group>"; };
		D5A0BF92250A034B0080737E /* Status.swift */ = {isa = PBXFileReference; lastKnownFileType = sourcecode.swift; path = Status.swift; sourceTree = "<group>"; };
		D5A0BF9B250A1E640080737E /* TreatmentViewController.swift */ = {isa = PBXFileReference; lastKnownFileType = sourcecode.swift; path = TreatmentViewController.swift; sourceTree = "<group>"; };
		D5A0BF9D250A1E9C0080737E /* TreatmentPresenter.swift */ = {isa = PBXFileReference; lastKnownFileType = sourcecode.swift; path = TreatmentPresenter.swift; sourceTree = "<group>"; };
		D5A0BF9F250A1EAC0080737E /* TreatmentInteractor.swift */ = {isa = PBXFileReference; lastKnownFileType = sourcecode.swift; path = TreatmentInteractor.swift; sourceTree = "<group>"; };
		D5A0BFA1250A1EC80080737E /* TreatmentRouter.swift */ = {isa = PBXFileReference; lastKnownFileType = sourcecode.swift; path = TreatmentRouter.swift; sourceTree = "<group>"; };
		D5A0BFA3250A1ED40080737E /* TreatmentConfigurator.swift */ = {isa = PBXFileReference; lastKnownFileType = sourcecode.swift; path = TreatmentConfigurator.swift; sourceTree = "<group>"; };
		D5A0BFA5250A1FBC0080737E /* TreatmentViewInput.swift */ = {isa = PBXFileReference; lastKnownFileType = sourcecode.swift; path = TreatmentViewInput.swift; sourceTree = "<group>"; };
		D5A0BFA7250A1FC80080737E /* TreatmentViewOutput.swift */ = {isa = PBXFileReference; lastKnownFileType = sourcecode.swift; path = TreatmentViewOutput.swift; sourceTree = "<group>"; };
		D5A0BFA9250A1FDA0080737E /* TreatmentModuleInput.swift */ = {isa = PBXFileReference; lastKnownFileType = sourcecode.swift; path = TreatmentModuleInput.swift; sourceTree = "<group>"; };
		D5A0BFAB250A1FE80080737E /* TreatmentModuleOutput.swift */ = {isa = PBXFileReference; lastKnownFileType = sourcecode.swift; path = TreatmentModuleOutput.swift; sourceTree = "<group>"; };
		D5A0BFAD250A1FFB0080737E /* TreatmentInteractorInput.swift */ = {isa = PBXFileReference; lastKnownFileType = sourcecode.swift; path = TreatmentInteractorInput.swift; sourceTree = "<group>"; };
		D5A0BFAF250A20060080737E /* TreatmentInteractorOutput.swift */ = {isa = PBXFileReference; lastKnownFileType = sourcecode.swift; path = TreatmentInteractorOutput.swift; sourceTree = "<group>"; };
		D5A0BFB1250A20100080737E /* TreatmentRouterInput.swift */ = {isa = PBXFileReference; lastKnownFileType = sourcecode.swift; path = TreatmentRouterInput.swift; sourceTree = "<group>"; };
		D5A0BFB3250A201E0080737E /* TreatmentConfiguratorProtocol.swift */ = {isa = PBXFileReference; lastKnownFileType = sourcecode.swift; path = TreatmentConfiguratorProtocol.swift; sourceTree = "<group>"; };
		D5A0BFD3250A40F10080737E /* SuccessConfiguratorProtocol.swift */ = {isa = PBXFileReference; fileEncoding = 4; lastKnownFileType = sourcecode.swift; name = SuccessConfiguratorProtocol.swift; path = ../SuccessConfiguratorProtocol.swift; sourceTree = "<group>"; };
		D5A0BFD4250A40F10080737E /* SuccessViewOutput.swift */ = {isa = PBXFileReference; fileEncoding = 4; lastKnownFileType = sourcecode.swift; name = SuccessViewOutput.swift; path = ../SuccessViewOutput.swift; sourceTree = "<group>"; };
		D5A0BFD5250A40F10080737E /* SuccessViewInput.swift */ = {isa = PBXFileReference; fileEncoding = 4; lastKnownFileType = sourcecode.swift; name = SuccessViewInput.swift; path = ../SuccessViewInput.swift; sourceTree = "<group>"; };
		D5A0BFD6250A40F10080737E /* SuccessViewController.swift */ = {isa = PBXFileReference; fileEncoding = 4; lastKnownFileType = sourcecode.swift; name = SuccessViewController.swift; path = ../SuccessViewController.swift; sourceTree = "<group>"; };
		D5A0BFD7250A40F10080737E /* SuccessPresenter.swift */ = {isa = PBXFileReference; fileEncoding = 4; lastKnownFileType = sourcecode.swift; name = SuccessPresenter.swift; path = ../SuccessPresenter.swift; sourceTree = "<group>"; };
		D5A0BFD8250A40F10080737E /* SuccessConfigurator.swift */ = {isa = PBXFileReference; fileEncoding = 4; lastKnownFileType = sourcecode.swift; name = SuccessConfigurator.swift; path = ../SuccessConfigurator.swift; sourceTree = "<group>"; };
		D5A0BFD9250A40F10080737E /* SuccessInteractorInput.swift */ = {isa = PBXFileReference; fileEncoding = 4; lastKnownFileType = sourcecode.swift; name = SuccessInteractorInput.swift; path = ../SuccessInteractorInput.swift; sourceTree = "<group>"; };
		D5A0BFDA250A40F10080737E /* SuccessRouter.swift */ = {isa = PBXFileReference; fileEncoding = 4; lastKnownFileType = sourcecode.swift; name = SuccessRouter.swift; path = ../SuccessRouter.swift; sourceTree = "<group>"; };
		D5A0BFDB250A40F10080737E /* SuccessModuleOutput.swift */ = {isa = PBXFileReference; fileEncoding = 4; lastKnownFileType = sourcecode.swift; name = SuccessModuleOutput.swift; path = ../SuccessModuleOutput.swift; sourceTree = "<group>"; };
		D5A0BFDC250A40F10080737E /* SuccessRouterInput.swift */ = {isa = PBXFileReference; fileEncoding = 4; lastKnownFileType = sourcecode.swift; name = SuccessRouterInput.swift; path = ../SuccessRouterInput.swift; sourceTree = "<group>"; };
		D5A0BFDD250A40F10080737E /* SuccessInteractor.swift */ = {isa = PBXFileReference; fileEncoding = 4; lastKnownFileType = sourcecode.swift; name = SuccessInteractor.swift; path = ../SuccessInteractor.swift; sourceTree = "<group>"; };
		D5A0BFDE250A40F10080737E /* SuccessModuleInput.swift */ = {isa = PBXFileReference; fileEncoding = 4; lastKnownFileType = sourcecode.swift; name = SuccessModuleInput.swift; path = ../SuccessModuleInput.swift; sourceTree = "<group>"; };
		D5A0BFDF250A40F10080737E /* SuccessInteractorOutput.swift */ = {isa = PBXFileReference; fileEncoding = 4; lastKnownFileType = sourcecode.swift; name = SuccessInteractorOutput.swift; path = ../SuccessInteractorOutput.swift; sourceTree = "<group>"; };
		D5B03FEF24FBF76B0023E5DE /* MainViewInput.swift */ = {isa = PBXFileReference; lastKnownFileType = sourcecode.swift; path = MainViewInput.swift; sourceTree = "<group>"; };
		D5B03FF124FBF7870023E5DE /* MainViewOutput.swift */ = {isa = PBXFileReference; lastKnownFileType = sourcecode.swift; path = MainViewOutput.swift; sourceTree = "<group>"; };
		D5B03FF324FBF8A60023E5DE /* MainConfiguratorProtocol.swift */ = {isa = PBXFileReference; lastKnownFileType = sourcecode.swift; path = MainConfiguratorProtocol.swift; sourceTree = "<group>"; };
		D5B03FF524FBF8CE0023E5DE /* MainInteractorOutput.swift */ = {isa = PBXFileReference; lastKnownFileType = sourcecode.swift; path = MainInteractorOutput.swift; sourceTree = "<group>"; };
		D5B03FF724FBF8D80023E5DE /* MainInteractorInput.swift */ = {isa = PBXFileReference; lastKnownFileType = sourcecode.swift; path = MainInteractorInput.swift; sourceTree = "<group>"; };
		D5B03FF924FBF9260023E5DE /* MainRouterInput.swift */ = {isa = PBXFileReference; lastKnownFileType = sourcecode.swift; path = MainRouterInput.swift; sourceTree = "<group>"; };
		D5B03FFC24FBFB200023E5DE /* CustomTableView.swift */ = {isa = PBXFileReference; lastKnownFileType = sourcecode.swift; path = CustomTableView.swift; sourceTree = "<group>"; };
		D5B03FFE24FBFB420023E5DE /* CustomTableViewCell.swift */ = {isa = PBXFileReference; lastKnownFileType = sourcecode.swift; path = CustomTableViewCell.swift; sourceTree = "<group>"; };
		D5B0400224FCE7420023E5DE /* CardTableViewCell.swift */ = {isa = PBXFileReference; lastKnownFileType = sourcecode.swift; path = CardTableViewCell.swift; sourceTree = "<group>"; };
		D5B0400524FD091D0023E5DE /* Person.swift */ = {isa = PBXFileReference; lastKnownFileType = sourcecode.swift; path = Person.swift; sourceTree = "<group>"; };
		D5B0400824FD0A1C0023E5DE /* ContactsManager.swift */ = {isa = PBXFileReference; lastKnownFileType = sourcecode.swift; path = ContactsManager.swift; sourceTree = "<group>"; };
		D5B0400A24FD18A50023E5DE /* ContactsManagerProtocol.swift */ = {isa = PBXFileReference; lastKnownFileType = sourcecode.swift; path = ContactsManagerProtocol.swift; sourceTree = "<group>"; };
		D5E877242510E90E007E80F3 /* MainConfiguratorMock.swift */ = {isa = PBXFileReference; lastKnownFileType = sourcecode.swift; path = MainConfiguratorMock.swift; sourceTree = "<group>"; };
/* End PBXFileReference section */

/* Begin PBXFrameworksBuildPhase section */
		D50F50F424DD6F760042BAD2 /* Frameworks */ = {
			isa = PBXFrameworksBuildPhase;
			buildActionMask = 2147483647;
			files = (
			);
			runOnlyForDeploymentPostprocessing = 0;
		};
		D52C3C812510CBC8001E34A0 /* Frameworks */ = {
			isa = PBXFrameworksBuildPhase;
			buildActionMask = 2147483647;
			files = (
			);
			runOnlyForDeploymentPostprocessing = 0;
		};
/* End PBXFrameworksBuildPhase section */

/* Begin PBXGroup section */
		D50F50EE24DD6F760042BAD2 = {
			isa = PBXGroup;
			children = (
				D50F50F924DD6F760042BAD2 /* MoneyTransfer */,
				D52C3C852510CBC8001E34A0 /* MoneyTransferTests */,
				D50F50F824DD6F760042BAD2 /* Products */,
			);
			sourceTree = "<group>";
		};
		D50F50F824DD6F760042BAD2 /* Products */ = {
			isa = PBXGroup;
			children = (
				D50F50F724DD6F760042BAD2 /* MoneyTransfer.app */,
				D52C3C842510CBC8001E34A0 /* MoneyTransferTests.xctest */,
			);
			name = Products;
			sourceTree = "<group>";
		};
		D50F50F924DD6F760042BAD2 /* MoneyTransfer */ = {
			isa = PBXGroup;
			children = (
				D50F50FA24DD6F760042BAD2 /* AppDelegate.swift */,
				D50F50FC24DD6F760042BAD2 /* SceneDelegate.swift */,
				D5B0400424FD08B40023E5DE /* Entity */,
				D59DB6C4250A48B90068888D /* Extension */,
				D5B0400724FD09AD0023E5DE /* Services */,
				D59DB6CE250A56C80068888D /* Modules */,
				D50F510024DD6F760042BAD2 /* Main.storyboard */,
				D50F510324DD6F790042BAD2 /* Assets.xcassets */,
				D50F510524DD6F790042BAD2 /* LaunchScreen.storyboard */,
				D50F510824DD6F790042BAD2 /* Info.plist */,
			);
			path = MoneyTransfer;
			sourceTree = "<group>";
		};
		D50F510E24DD703B0042BAD2 /* Main */ = {
			isa = PBXGroup;
			children = (
				D5B03FEA24FBF6F00023E5DE /* View */,
				D5B03FEB24FBF6F80023E5DE /* Presenter */,
				D5B03FEC24FBF7060023E5DE /* Interactor */,
				D5B03FED24FBF70E0023E5DE /* Router */,
				D5B03FEE24FBF7170023E5DE /* Configurator */,
			);
			path = Main;
			sourceTree = "<group>";
		};
		D520450525050C16007B746A /* Contact */ = {
			isa = PBXGroup;
			children = (
				D520451225050CBB007B746A /* View */,
				D520451325050CC3007B746A /* Presenter */,
				D520451425050CCA007B746A /* Interactor */,
				D520451525050CD1007B746A /* Router */,
				D520451625050CD8007B746A /* Configurator */,
			);
			path = Contact;
			sourceTree = "<group>";
		};
		D520451225050CBB007B746A /* View */ = {
			isa = PBXGroup;
			children = (
				D520452525050DCF007B746A /* ContactViewController.swift */,
				D520451925050D3A007B746A /* ContactViewInput.swift */,
				D520451725050D2E007B746A /* ContactViewOutput.swift */,
			);
			path = View;
			sourceTree = "<group>";
		};
		D520451325050CC3007B746A /* Presenter */ = {
			isa = PBXGroup;
			children = (
				D520450A25050C90007B746A /* ContactPresenter.swift */,
				D520451B25050D4A007B746A /* ContactModuleInput.swift */,
				D520451D25050D5A007B746A /* ContactModuleOutput.swift */,
			);
			path = Presenter;
			sourceTree = "<group>";
		};
		D520451425050CCA007B746A /* Interactor */ = {
			isa = PBXGroup;
			children = (
				D520450C25050C9B007B746A /* ContactInteractor.swift */,
				D520452125050D8D007B746A /* ContactInteractorInput.swift */,
				D520451F25050D80007B746A /* ContactInteractorOutput.swift */,
			);
			path = Interactor;
			sourceTree = "<group>";
		};
		D520451525050CD1007B746A /* Router */ = {
			isa = PBXGroup;
			children = (
				D520450E25050CA9007B746A /* ContactRouter.swift */,
				D520452325050DA1007B746A /* ContactRouterInput.swift */,
			);
			path = Router;
			sourceTree = "<group>";
		};
		D520451625050CD8007B746A /* Configurator */ = {
			isa = PBXGroup;
			children = (
				D520451025050CB5007B746A /* ContactConfigurator.swift */,
				D5204527250511E0007B746A /* ContactConfigureProtocol.swift */,
			);
			path = Configurator;
			sourceTree = "<group>";
		};
		D520452925065EA9007B746A /* Cells */ = {
			isa = PBXGroup;
			children = (
				D5B03FFE24FBFB420023E5DE /* CustomTableViewCell.swift */,
				D5B0400224FCE7420023E5DE /* CardTableViewCell.swift */,
			);
			path = Cells;
			sourceTree = "<group>";
		};
		D52C3C852510CBC8001E34A0 /* MoneyTransferTests */ = {
			isa = PBXGroup;
			children = (
				D52C3C862510CBC8001E34A0 /* MoneyTransferTests.swift */,
				D53682A125122AF10077BDCB /* Services */,
				D52C3C8E2510CDD4001E34A0 /* Main */,
				D53682A825123D4C0077BDCB /* Container */,
				D53682BB251256710077BDCB /* Contact */,
				D53682AB251244190077BDCB /* Transaction */,
				D53682AA251244170077BDCB /* Treatment */,
				D53682A9251244150077BDCB /* Success */,
				D52C3C882510CBC8001E34A0 /* Info.plist */,
			);
			path = MoneyTransferTests;
			sourceTree = "<group>";
		};
		D52C3C8E2510CDD4001E34A0 /* Main */ = {
			isa = PBXGroup;
			children = (
				D52C3C972510D775001E34A0 /* View */,
				D5368298251100ED0077BDCB /* Presenter */,
				D5368297251100E30077BDCB /* Interactor */,
				D5368296251100DA0077BDCB /* Router */,
				D53682952510FE930077BDCB /* Configurator */,
			);
			path = Main;
			sourceTree = "<group>";
		};
		D52C3C972510D775001E34A0 /* View */ = {
			isa = PBXGroup;
			children = (
				D52C3C902510D022001E34A0 /* MainViewInputSpy.swift */,
				D52C3C922510D056001E34A0 /* MainViewOutputSpy.swift */,
				D53682932510F2E50077BDCB /* MainViewControllerTest.swift */,
			);
			path = View;
			sourceTree = "<group>";
		};
		D53682952510FE930077BDCB /* Configurator */ = {
			isa = PBXGroup;
			children = (
				D5E877242510E90E007E80F3 /* MainConfiguratorMock.swift */,
			);
			path = Configurator;
			sourceTree = "<group>";
		};
		D5368296251100DA0077BDCB /* Router */ = {
			isa = PBXGroup;
			children = (
				D536829D25110F400077BDCB /* MainRouterInputSpy.swift */,
			);
			name = Router;
			path = View/Router;
			sourceTree = "<group>";
		};
		D5368297251100E30077BDCB /* Interactor */ = {
			isa = PBXGroup;
			children = (
				D53682992511011B0077BDCB /* MainInteractorOutputSpy.swift */,
				D536829B251101760077BDCB /* MainInteractorInputSpy.swift */,
				D53682A625122F2D0077BDCB /* MainInteractorTests.swift */,
			);
			path = Interactor;
			sourceTree = "<group>";
		};
		D5368298251100ED0077BDCB /* Presenter */ = {
			isa = PBXGroup;
			children = (
				D536829F25120CD10077BDCB /* MainPresenterTest.swift */,
				D53682B925124D1F0077BDCB /* MainModuleInputSpy.swift */,
			);
			path = Presenter;
			sourceTree = "<group>";
		};
		D53682A125122AF10077BDCB /* Services */ = {
			isa = PBXGroup;
			children = (
				D53682A225122D720077BDCB /* ContactsManagerMock.swift */,
				D53682A425122EB00077BDCB /* UserDefaultsWorkMock.swift */,
			);
			path = Services;
			sourceTree = "<group>";
		};
		D53682A825123D4C0077BDCB /* Container */ = {
			isa = PBXGroup;
			children = (
				D53682AC25124B6F0077BDCB /* View */,
				D53682AD25124B740077BDCB /* Presenter */,
				D53682AE25124B8E0077BDCB /* Interactor */,
				D53682AF25124BA20077BDCB /* Router */,
				D53682B025124BBC0077BDCB /* Configurator */,
			);
			path = Container;
			sourceTree = "<group>";
		};
		D53682A9251244150077BDCB /* Success */ = {
			isa = PBXGroup;
			children = (
			);
			path = Success;
			sourceTree = "<group>";
		};
		D53682AA251244170077BDCB /* Treatment */ = {
			isa = PBXGroup;
			children = (
			);
			path = Treatment;
			sourceTree = "<group>";
		};
		D53682AB251244190077BDCB /* Transaction */ = {
			isa = PBXGroup;
			children = (
				D53682CF251265360077BDCB /* View */,
				D53682D02512653A0077BDCB /* Presenter */,
				D53682D12512654D0077BDCB /* Interactor */,
				D53682D2251265630077BDCB /* Router */,
				D53682D32512657D0077BDCB /* Configurator */,
			);
			path = Transaction;
			sourceTree = "<group>";
		};
		D53682AC25124B6F0077BDCB /* View */ = {
			isa = PBXGroup;
			children = (
				D53682B125124BDE0077BDCB /* ContainerViewInputSpy.swift */,
				D53682B325124BF60077BDCB /* ContainerViewOutputSpy.swift */,
				D53682B725124C2B0077BDCB /* ContainerViewControllerTests.swift */,
			);
			path = View;
			sourceTree = "<group>";
		};
		D53682AD25124B740077BDCB /* Presenter */ = {
			isa = PBXGroup;
			children = (
			);
			path = Presenter;
			sourceTree = "<group>";
		};
		D53682AE25124B8E0077BDCB /* Interactor */ = {
			isa = PBXGroup;
			children = (
			);
			path = Interactor;
			sourceTree = "<group>";
		};
		D53682AF25124BA20077BDCB /* Router */ = {
			isa = PBXGroup;
			children = (
			);
			path = Router;
			sourceTree = "<group>";
		};
		D53682B025124BBC0077BDCB /* Configurator */ = {
			isa = PBXGroup;
			children = (
			);
			path = Configurator;
			sourceTree = "<group>";
		};
		D53682BB251256710077BDCB /* Contact */ = {
			isa = PBXGroup;
			children = (
				D53682BC251256810077BDCB /* View */,
				D53682BF25125C4A0077BDCB /* Presenter */,
				D53682C025125C5F0077BDCB /* Interactor */,
				D53682C125125C690077BDCB /* Router */,
				D53682C225125C740077BDCB /* Configurator */,
			);
			path = Contact;
			sourceTree = "<group>";
		};
		D53682BC251256810077BDCB /* View */ = {
			isa = PBXGroup;
			children = (
				D53682C325125D790077BDCB /* ContactViewInputSpy.swift */,
				D53682C525125E740077BDCB /* ContactViewOutputSpy.swift */,
				D53682C725125ED40077BDCB /* ContactViewControllerTests.swift */,
			);
			path = View;
			sourceTree = "<group>";
		};
		D53682BF25125C4A0077BDCB /* Presenter */ = {
			isa = PBXGroup;
			children = (
				D53682CB251262E40077BDCB /* ContactPresenterTest.swift */,
			);
			path = Presenter;
			sourceTree = "<group>";
		};
		D53682C025125C5F0077BDCB /* Interactor */ = {
			isa = PBXGroup;
			children = (
				D53682CD251263320077BDCB /* ContactInteractorInputSpy.swift */,
			);
			path = Interactor;
			sourceTree = "<group>";
		};
		D53682C125125C690077BDCB /* Router */ = {
			isa = PBXGroup;
			children = (
			);
			path = Router;
			sourceTree = "<group>";
		};
		D53682C225125C740077BDCB /* Configurator */ = {
			isa = PBXGroup;
			children = (
				D53682C925125FB50077BDCB /* ContactConfiguratorMock.swift */,
			);
			path = Configurator;
			sourceTree = "<group>";
		};
		D53682CF251265360077BDCB /* View */ = {
			isa = PBXGroup;
			children = (
				D53682D4251265980077BDCB /* TransactionViewInputSpy.swift */,
				D53682DA251268570077BDCB /* TransactionViewControllerTests.swift */,
				D53682D6251266D80077BDCB /* TransactionViewOutputSpy.swift */,
			);
			path = View;
			sourceTree = "<group>";
		};
		D53682D02512653A0077BDCB /* Presenter */ = {
			isa = PBXGroup;
			children = (
			);
			path = Presenter;
			sourceTree = "<group>";
		};
		D53682D12512654D0077BDCB /* Interactor */ = {
			isa = PBXGroup;
			children = (
			);
			path = Interactor;
			sourceTree = "<group>";
		};
		D53682D2251265630077BDCB /* Router */ = {
			isa = PBXGroup;
			children = (
			);
			path = Router;
			sourceTree = "<group>";
		};
		D53682D32512657D0077BDCB /* Configurator */ = {
			isa = PBXGroup;
			children = (
				D53682D8251267870077BDCB /* TransactionConfiguratorMock.swift */,
			);
			path = Configurator;
			sourceTree = "<group>";
		};
		D59DB6BF250A47F50068888D /* View */ = {
			isa = PBXGroup;
			children = (
				D59DB6A6250A47880068888D /* ContainerViewController.swift */,
				D59DB6B0250A47890068888D /* ContainerViewInput.swift */,
				D59DB6B1250A47890068888D /* ContainerViewOutput.swift */,
			);
			path = View;
			sourceTree = "<group>";
		};
		D59DB6C0250A48010068888D /* Router */ = {
			isa = PBXGroup;
			children = (
				D59DB6AC250A47890068888D /* ContainerRouter.swift */,
				D59DB6AA250A47890068888D /* ContainerRouterInput.swift */,
			);
			path = Router;
			sourceTree = "<group>";
		};
		D59DB6C1250A48100068888D /* Configurator */ = {
			isa = PBXGroup;
			children = (
				D59DB6A8250A47880068888D /* ContainerConfigurator.swift */,
				D59DB6AB250A47890068888D /* ContainerConfiguratorProtocol.swift */,
			);
			path = Configurator;
			sourceTree = "<group>";
		};
		D59DB6C2250A48200068888D /* Interactor */ = {
			isa = PBXGroup;
			children = (
				D59DB6A9250A47890068888D /* ContainerInteractor.swift */,
				D59DB6A7250A47880068888D /* ContainerInteractorInput.swift */,
				D59DB6AF250A47890068888D /* ContainerInteractorOutput.swift */,
			);
			path = Interactor;
			sourceTree = "<group>";
		};
		D59DB6C3250A483E0068888D /* Presenter */ = {
			isa = PBXGroup;
			children = (
				D59DB6AD250A47890068888D /* ContainerPresenter.swift */,
				D59DB6AE250A47890068888D /* ContainerModuleInput.swift */,
				D59DB6A5250A47880068888D /* ContainerModuleOutput.swift */,
			);
			path = Presenter;
			sourceTree = "<group>";
		};
		D59DB6C4250A48B90068888D /* Extension */ = {
			isa = PBXGroup;
			children = (
				D59DB6C5250A48D40068888D /* ChildAddAndRemove.swift */,
				D52C3C74250F6A78001E34A0 /* StylesLabel.swift */,
				D52C3C76250F6ABB001E34A0 /* StyleTransactionButtons.swift */,
				D52C3C78250F821D001E34A0 /* RoundedCorners.swift */,
				D52C3C7E2510B894001E34A0 /* ContactStyleButton.swift */,
			);
			path = Extension;
			sourceTree = "<group>";
		};
		D59DB6C9250A56750068888D /* View */ = {
			isa = PBXGroup;
			children = (
				D5A0BFD6250A40F10080737E /* SuccessViewController.swift */,
				D5A0BFD5250A40F10080737E /* SuccessViewInput.swift */,
				D5A0BFD4250A40F10080737E /* SuccessViewOutput.swift */,
			);
			path = View;
			sourceTree = "<group>";
		};
		D59DB6CA250A567D0068888D /* Router */ = {
			isa = PBXGroup;
			children = (
				D5A0BFDA250A40F10080737E /* SuccessRouter.swift */,
				D5A0BFDC250A40F10080737E /* SuccessRouterInput.swift */,
			);
			path = Router;
			sourceTree = "<group>";
		};
		D59DB6CB250A56850068888D /* Presenter */ = {
			isa = PBXGroup;
			children = (
				D5A0BFD7250A40F10080737E /* SuccessPresenter.swift */,
				D5A0BFDE250A40F10080737E /* SuccessModuleInput.swift */,
				D5A0BFDB250A40F10080737E /* SuccessModuleOutput.swift */,
			);
			path = Presenter;
			sourceTree = "<group>";
		};
		D59DB6CC250A568B0068888D /* Interactor */ = {
			isa = PBXGroup;
			children = (
				D5A0BFDD250A40F10080737E /* SuccessInteractor.swift */,
				D5A0BFD9250A40F10080737E /* SuccessInteractorInput.swift */,
				D5A0BFDF250A40F10080737E /* SuccessInteractorOutput.swift */,
			);
			path = Interactor;
			sourceTree = "<group>";
		};
		D59DB6CD250A56960068888D /* Configurator */ = {
			isa = PBXGroup;
			children = (
				D5A0BFD8250A40F10080737E /* SuccessConfigurator.swift */,
				D5A0BFD3250A40F10080737E /* SuccessConfiguratorProtocol.swift */,
			);
			path = Configurator;
			sourceTree = "<group>";
		};
		D59DB6CE250A56C80068888D /* Modules */ = {
			isa = PBXGroup;
			children = (
				D50F510E24DD703B0042BAD2 /* Main */,
				D5A0BF89250904C70080737E /* Container */,
				D520450525050C16007B746A /* Contact */,
				D5A0BF67250797BA0080737E /* Transaction */,
				D5A0BF9A250A1DFA0080737E /* Treatment */,
				D5A0BFD2250A406C0080737E /* Success */,
			);
			path = Modules;
			sourceTree = "<group>";
		};
		D59DB6CF250A56E00068888D /* View */ = {
			isa = PBXGroup;
			children = (
				D5A0BF9B250A1E640080737E /* TreatmentViewController.swift */,
				D5A0BFA5250A1FBC0080737E /* TreatmentViewInput.swift */,
				D5A0BFA7250A1FC80080737E /* TreatmentViewOutput.swift */,
			);
			path = View;
			sourceTree = "<group>";
		};
		D59DB6D0250A56E70068888D /* Presenter */ = {
			isa = PBXGroup;
			children = (
				D5A0BF9D250A1E9C0080737E /* TreatmentPresenter.swift */,
				D5A0BFA9250A1FDA0080737E /* TreatmentModuleInput.swift */,
				D5A0BFAB250A1FE80080737E /* TreatmentModuleOutput.swift */,
			);
			path = Presenter;
			sourceTree = "<group>";
		};
		D59DB6D1250A56F30068888D /* Interactor */ = {
			isa = PBXGroup;
			children = (
				D5A0BF9F250A1EAC0080737E /* TreatmentInteractor.swift */,
				D5A0BFAD250A1FFB0080737E /* TreatmentInteractorInput.swift */,
				D5A0BFAF250A20060080737E /* TreatmentInteractorOutput.swift */,
			);
			path = Interactor;
			sourceTree = "<group>";
		};
		D59DB6D2250A57000068888D /* Router */ = {
			isa = PBXGroup;
			children = (
				D5A0BFA1250A1EC80080737E /* TreatmentRouter.swift */,
				D5A0BFB1250A20100080737E /* TreatmentRouterInput.swift */,
			);
			path = Router;
			sourceTree = "<group>";
		};
		D59DB6D3250A57080068888D /* Configurator */ = {
			isa = PBXGroup;
			children = (
				D5A0BFA3250A1ED40080737E /* TreatmentConfigurator.swift */,
				D5A0BFB3250A201E0080737E /* TreatmentConfiguratorProtocol.swift */,
			);
			path = Configurator;
			sourceTree = "<group>";
		};
		D5A0BF67250797BA0080737E /* Transaction */ = {
			isa = PBXGroup;
			children = (
				D5A0BF7225079C140080737E /* View */,
				D5A0BF7325079C1B0080737E /* Presenter */,
				D5A0BF7425079C220080737E /* Interactor */,
				D5A0BF7525079C290080737E /* Router */,
				D5A0BF7625079C300080737E /* Configurator */,
			);
			path = Transaction;
			sourceTree = "<group>";
		};
		D5A0BF7225079C140080737E /* View */ = {
			isa = PBXGroup;
			children = (
				D5A0BF8725079EC20080737E /* TransactionViewController.swift */,
				D5A0BF7725079CEF0080737E /* TransactionViewInput.swift */,
				D5A0BF7925079CF90080737E /* TransactionViewOutput.swift */,
			);
			path = View;
			sourceTree = "<group>";
		};
		D5A0BF7325079C1B0080737E /* Presenter */ = {
			isa = PBXGroup;
			children = (
				D5A0BF6A25079BE70080737E /* TransactionPresenter.swift */,
				D5A0BF7B25079D990080737E /* TransactionModuleInput.swift */,
				D5A0BF7D25079DC10080737E /* TransactionModuleOutput.swift */,
			);
			path = Presenter;
			sourceTree = "<group>";
		};
		D5A0BF7425079C220080737E /* Interactor */ = {
			isa = PBXGroup;
			children = (
				D5A0BF6C25079BF20080737E /* TransactionInteractor.swift */,
				D5A0BF7F25079DD40080737E /* TransactionInteractorInput.swift */,
				D5A0BF8125079DE00080737E /* TransactionInteractorOutput.swift */,
			);
			path = Interactor;
			sourceTree = "<group>";
		};
		D5A0BF7525079C290080737E /* Router */ = {
			isa = PBXGroup;
			children = (
				D5A0BF6E25079BFE0080737E /* TransactionRouter.swift */,
				D5A0BF8325079DF50080737E /* TransactionRouterInput.swift */,
			);
			path = Router;
			sourceTree = "<group>";
		};
		D5A0BF7625079C300080737E /* Configurator */ = {
			isa = PBXGroup;
			children = (
				D5A0BF7025079C0D0080737E /* TransactionConfigurator.swift */,
				D5A0BF8525079E060080737E /* TransactionConfiguratorProtocol.swift */,
			);
			path = Configurator;
			sourceTree = "<group>";
		};
		D5A0BF89250904C70080737E /* Container */ = {
			isa = PBXGroup;
			children = (
				D59DB6BF250A47F50068888D /* View */,
				D59DB6C3250A483E0068888D /* Presenter */,
				D59DB6C2250A48200068888D /* Interactor */,
				D59DB6C0250A48010068888D /* Router */,
				D59DB6C1250A48100068888D /* Configurator */,
			);
			path = Container;
			sourceTree = "<group>";
		};
		D5A0BF8E2509FC500080737E /* ContactManager */ = {
			isa = PBXGroup;
			children = (
				D5B0400824FD0A1C0023E5DE /* ContactsManager.swift */,
				D5B0400A24FD18A50023E5DE /* ContactsManagerProtocol.swift */,
			);
			path = ContactManager;
			sourceTree = "<group>";
		};
		D5A0BF912509FD360080737E /* UserDefaultsWork */ = {
			isa = PBXGroup;
			children = (
				D5A0BF8C2509FC3E0080737E /* UserDefaulsWork.swift */,
				D5A0BF8F2509FD1B0080737E /* UserDefaultsWorkProtocol.swift */,
			);
			path = UserDefaultsWork;
			sourceTree = "<group>";
		};
		D5A0BF9A250A1DFA0080737E /* Treatment */ = {
			isa = PBXGroup;
			children = (
				D59DB6CF250A56E00068888D /* View */,
				D59DB6D0250A56E70068888D /* Presenter */,
				D59DB6D1250A56F30068888D /* Interactor */,
				D59DB6D2250A57000068888D /* Router */,
				D59DB6D3250A57080068888D /* Configurator */,
			);
			path = Treatment;
			sourceTree = "<group>";
		};
		D5A0BFD2250A406C0080737E /* Success */ = {
			isa = PBXGroup;
			children = (
				D59DB6C9250A56750068888D /* View */,
				D59DB6CB250A56850068888D /* Presenter */,
				D59DB6CC250A568B0068888D /* Interactor */,
				D59DB6CA250A567D0068888D /* Router */,
				D59DB6CD250A56960068888D /* Configurator */,
			);
			path = Success;
			sourceTree = "<group>";
		};
		D5B03FEA24FBF6F00023E5DE /* View */ = {
			isa = PBXGroup;
			children = (
				D5B03FFB24FBFAC60023E5DE /* Table */,
				D50F510F24DD72E00042BAD2 /* MainViewController.swift */,
				D5B03FEF24FBF76B0023E5DE /* MainViewInput.swift */,
				D5B03FF124FBF7870023E5DE /* MainViewOutput.swift */,
			);
			path = View;
			sourceTree = "<group>";
		};
		D5B03FEB24FBF6F80023E5DE /* Presenter */ = {
			isa = PBXGroup;
			children = (
				D50F511124DD72EB0042BAD2 /* MainPresenter.swift */,
				D59DB6D6250E34350068888D /* MainModuleInput.swift */,
				D59DB6D8250E34440068888D /* MainModuleOutput.swift */,
			);
			path = Presenter;
			sourceTree = "<group>";
		};
		D5B03FEC24FBF7060023E5DE /* Interactor */ = {
			isa = PBXGroup;
			children = (
				D50F511324DD72FA0042BAD2 /* MainInteractor.swift */,
				D5B03FF724FBF8D80023E5DE /* MainInteractorInput.swift */,
				D5B03FF524FBF8CE0023E5DE /* MainInteractorOutput.swift */,
			);
			path = Interactor;
			sourceTree = "<group>";
		};
		D5B03FED24FBF70E0023E5DE /* Router */ = {
			isa = PBXGroup;
			children = (
				D50F511524DD73050042BAD2 /* MainRouter.swift */,
				D5B03FF924FBF9260023E5DE /* MainRouterInput.swift */,
			);
			path = Router;
			sourceTree = "<group>";
		};
		D5B03FEE24FBF7170023E5DE /* Configurator */ = {
			isa = PBXGroup;
			children = (
				D50F511724DD730F0042BAD2 /* MainConfigurator.swift */,
				D5B03FF324FBF8A60023E5DE /* MainConfiguratorProtocol.swift */,
			);
			path = Configurator;
			sourceTree = "<group>";
		};
		D5B03FFB24FBFAC60023E5DE /* Table */ = {
			isa = PBXGroup;
			children = (
				D5B03FFC24FBFB200023E5DE /* CustomTableView.swift */,
				D520452925065EA9007B746A /* Cells */,
			);
			path = Table;
			sourceTree = "<group>";
		};
		D5B0400424FD08B40023E5DE /* Entity */ = {
			isa = PBXGroup;
			children = (
				D5B0400524FD091D0023E5DE /* Person.swift */,
				D5A0BF92250A034B0080737E /* Status.swift */,
				D59DB6D4250D470D0068888D /* Balance.swift */,
				D59DB6C7250A50160068888D /* ViewSize.swift */,
				D52C3C7A250F83E2001E34A0 /* ChildsController.swift */,
				D52C3C7C250FCE98001E34A0 /* Operations.swift */,
			);
			path = Entity;
			sourceTree = "<group>";
		};
		D5B0400724FD09AD0023E5DE /* Services */ = {
			isa = PBXGroup;
			children = (
				D5A0BF8E2509FC500080737E /* ContactManager */,
				D5A0BF912509FD360080737E /* UserDefaultsWork */,
			);
			path = Services;
			sourceTree = "<group>";
		};
/* End PBXGroup section */

/* Begin PBXNativeTarget section */
		D50F50F624DD6F760042BAD2 /* MoneyTransfer */ = {
			isa = PBXNativeTarget;
			buildConfigurationList = D50F510B24DD6F790042BAD2 /* Build configuration list for PBXNativeTarget "MoneyTransfer" */;
			buildPhases = (
				D50F50F324DD6F760042BAD2 /* Sources */,
				D50F50F424DD6F760042BAD2 /* Frameworks */,
				D50F50F524DD6F760042BAD2 /* Resources */,
			);
			buildRules = (
			);
			dependencies = (
			);
			name = MoneyTransfer;
			productName = MoneyTransfer;
			productReference = D50F50F724DD6F760042BAD2 /* MoneyTransfer.app */;
			productType = "com.apple.product-type.application";
		};
		D52C3C832510CBC8001E34A0 /* MoneyTransferTests */ = {
			isa = PBXNativeTarget;
			buildConfigurationList = D52C3C8B2510CBC8001E34A0 /* Build configuration list for PBXNativeTarget "MoneyTransferTests" */;
			buildPhases = (
				D52C3C802510CBC8001E34A0 /* Sources */,
				D52C3C812510CBC8001E34A0 /* Frameworks */,
				D52C3C822510CBC8001E34A0 /* Resources */,
			);
			buildRules = (
			);
			dependencies = (
				D52C3C8A2510CBC8001E34A0 /* PBXTargetDependency */,
			);
			name = MoneyTransferTests;
			productName = MoneyTransferTests;
			productReference = D52C3C842510CBC8001E34A0 /* MoneyTransferTests.xctest */;
			productType = "com.apple.product-type.bundle.unit-test";
		};
/* End PBXNativeTarget section */

/* Begin PBXProject section */
		D50F50EF24DD6F760042BAD2 /* Project object */ = {
			isa = PBXProject;
			attributes = {
				LastSwiftUpdateCheck = 1150;
				LastUpgradeCheck = 1130;
				ORGANIZATIONNAME = 18579132;
				TargetAttributes = {
					D50F50F624DD6F760042BAD2 = {
						CreatedOnToolsVersion = 11.3.1;
					};
					D52C3C832510CBC8001E34A0 = {
						CreatedOnToolsVersion = 11.5;
						TestTargetID = D50F50F624DD6F760042BAD2;
					};
				};
			};
			buildConfigurationList = D50F50F224DD6F760042BAD2 /* Build configuration list for PBXProject "MoneyTransfer" */;
			compatibilityVersion = "Xcode 9.3";
			developmentRegion = en;
			hasScannedForEncodings = 0;
			knownRegions = (
				en,
				Base,
			);
			mainGroup = D50F50EE24DD6F760042BAD2;
			productRefGroup = D50F50F824DD6F760042BAD2 /* Products */;
			projectDirPath = "";
			projectRoot = "";
			targets = (
				D50F50F624DD6F760042BAD2 /* MoneyTransfer */,
				D52C3C832510CBC8001E34A0 /* MoneyTransferTests */,
			);
		};
/* End PBXProject section */

/* Begin PBXResourcesBuildPhase section */
		D50F50F524DD6F760042BAD2 /* Resources */ = {
			isa = PBXResourcesBuildPhase;
			buildActionMask = 2147483647;
			files = (
				D50F510724DD6F790042BAD2 /* LaunchScreen.storyboard in Resources */,
				D50F510424DD6F790042BAD2 /* Assets.xcassets in Resources */,
				D50F510224DD6F760042BAD2 /* Main.storyboard in Resources */,
			);
			runOnlyForDeploymentPostprocessing = 0;
		};
		D52C3C822510CBC8001E34A0 /* Resources */ = {
			isa = PBXResourcesBuildPhase;
			buildActionMask = 2147483647;
			files = (
			);
			runOnlyForDeploymentPostprocessing = 0;
		};
/* End PBXResourcesBuildPhase section */

/* Begin PBXSourcesBuildPhase section */
		D50F50F324DD6F760042BAD2 /* Sources */ = {
			isa = PBXSourcesBuildPhase;
			buildActionMask = 2147483647;
			files = (
				D52C3C77250F6ABB001E34A0 /* StyleTransactionButtons.swift in Sources */,
				D59DB6BB250A47890068888D /* ContainerModuleInput.swift in Sources */,
				D5B03FF824FBF8D80023E5DE /* MainInteractorInput.swift in Sources */,
				D5A0BF93250A034B0080737E /* Status.swift in Sources */,
				D59DB6BA250A47890068888D /* ContainerPresenter.swift in Sources */,
				D59DB6B8250A47890068888D /* ContainerConfiguratorProtocol.swift in Sources */,
				D59DB6D5250D470D0068888D /* Balance.swift in Sources */,
				D59DB6B9250A47890068888D /* ContainerRouter.swift in Sources */,
				D59DB6B2250A47890068888D /* ContainerModuleOutput.swift in Sources */,
				D5B03FF224FBF7870023E5DE /* MainViewOutput.swift in Sources */,
				D5A0BF8425079DF50080737E /* TransactionRouterInput.swift in Sources */,
				D5A0BF7825079CEF0080737E /* TransactionViewInput.swift in Sources */,
				D5B03FF424FBF8A60023E5DE /* MainConfiguratorProtocol.swift in Sources */,
				D59DB6B4250A47890068888D /* ContainerInteractorInput.swift in Sources */,
				D59DB6B6250A47890068888D /* ContainerInteractor.swift in Sources */,
				D5A0BFEC250A40F10080737E /* SuccessInteractorOutput.swift in Sources */,
				D59DB6B7250A47890068888D /* ContainerRouterInput.swift in Sources */,
				D5A0BF7125079C0D0080737E /* TransactionConfigurator.swift in Sources */,
				D5A0BF8D2509FC3E0080737E /* UserDefaulsWork.swift in Sources */,
				D5A0BFA0250A1EAC0080737E /* TreatmentInteractor.swift in Sources */,
				D5A0BFB2250A20100080737E /* TreatmentRouterInput.swift in Sources */,
				D5A0BF902509FD1B0080737E /* UserDefaultsWorkProtocol.swift in Sources */,
				D520451E25050D5A007B746A /* ContactModuleOutput.swift in Sources */,
				D520451125050CB5007B746A /* ContactConfigurator.swift in Sources */,
				D5A0BF9C250A1E640080737E /* TreatmentViewController.swift in Sources */,
				D50F511024DD72E00042BAD2 /* MainViewController.swift in Sources */,
				D5A0BF7C25079D990080737E /* TransactionModuleInput.swift in Sources */,
				D50F50FB24DD6F760042BAD2 /* AppDelegate.swift in Sources */,
				D59DB6D7250E34350068888D /* MainModuleInput.swift in Sources */,
				D5A0BFEA250A40F10080737E /* SuccessInteractor.swift in Sources */,
				D52C3C75250F6A78001E34A0 /* StylesLabel.swift in Sources */,
				D5A0BF8825079EC20080737E /* TransactionViewController.swift in Sources */,
				D5A0BF6D25079BF20080737E /* TransactionInteractor.swift in Sources */,
				D520452025050D80007B746A /* ContactInteractorOutput.swift in Sources */,
				D52C3C7D250FCE98001E34A0 /* Operations.swift in Sources */,
				D520450D25050C9B007B746A /* ContactInteractor.swift in Sources */,
				D52C3C79250F821D001E34A0 /* RoundedCorners.swift in Sources */,
				D5A0BF6F25079BFE0080737E /* TransactionRouter.swift in Sources */,
				D5A0BFE5250A40F10080737E /* SuccessConfigurator.swift in Sources */,
				D5A0BFAC250A1FE80080737E /* TreatmentModuleOutput.swift in Sources */,
				D5A0BFE7250A40F10080737E /* SuccessRouter.swift in Sources */,
				D5A0BFE1250A40F10080737E /* SuccessViewOutput.swift in Sources */,
				D5A0BF9E250A1E9C0080737E /* TreatmentPresenter.swift in Sources */,
				D5A0BFA4250A1ED40080737E /* TreatmentConfigurator.swift in Sources */,
				D52C3C7F2510B894001E34A0 /* ContactStyleButton.swift in Sources */,
				D5A0BFE3250A40F10080737E /* SuccessViewController.swift in Sources */,
				D52C3C7B250F83E2001E34A0 /* ChildsController.swift in Sources */,
				D50F50FD24DD6F760042BAD2 /* SceneDelegate.swift in Sources */,
				D5B03FFF24FBFB420023E5DE /* CustomTableViewCell.swift in Sources */,
				D520452425050DA1007B746A /* ContactRouterInput.swift in Sources */,
				D59DB6B3250A47890068888D /* ContainerViewController.swift in Sources */,
				D5A0BF7A25079CF90080737E /* TransactionViewOutput.swift in Sources */,
				D5A0BFA8250A1FC80080737E /* TreatmentViewOutput.swift in Sources */,
				D5A0BFB0250A20060080737E /* TreatmentInteractorOutput.swift in Sources */,
				D5B0400B24FD18A50023E5DE /* ContactsManagerProtocol.swift in Sources */,
				D520451A25050D3A007B746A /* ContactViewInput.swift in Sources */,
				D5A0BFAA250A1FDA0080737E /* TreatmentModuleInput.swift in Sources */,
				D59DB6BE250A47890068888D /* ContainerViewOutput.swift in Sources */,
				D520451C25050D4A007B746A /* ContactModuleInput.swift in Sources */,
				D50F511424DD72FA0042BAD2 /* MainInteractor.swift in Sources */,
				D520451825050D2E007B746A /* ContactViewOutput.swift in Sources */,
				D5A0BF6B25079BE70080737E /* TransactionPresenter.swift in Sources */,
				D59DB6D9250E34440068888D /* MainModuleOutput.swift in Sources */,
				D59DB6C6250A48D40068888D /* ChildAddAndRemove.swift in Sources */,
				D520452625050DCF007B746A /* ContactViewController.swift in Sources */,
				D5A0BFEB250A40F10080737E /* SuccessModuleInput.swift in Sources */,
				D520452225050D8D007B746A /* ContactInteractorInput.swift in Sources */,
				D5A0BFAE250A1FFB0080737E /* TreatmentInteractorInput.swift in Sources */,
				D520450B25050C90007B746A /* ContactPresenter.swift in Sources */,
				D5B03FF624FBF8CE0023E5DE /* MainInteractorOutput.swift in Sources */,
				D5B03FF024FBF76B0023E5DE /* MainViewInput.swift in Sources */,
				D5B0400924FD0A1C0023E5DE /* ContactsManager.swift in Sources */,
				D5A0BFE0250A40F10080737E /* SuccessConfiguratorProtocol.swift in Sources */,
				D50F511824DD730F0042BAD2 /* MainConfigurator.swift in Sources */,
				D5A0BF7E25079DC10080737E /* TransactionModuleOutput.swift in Sources */,
				D50F511224DD72EB0042BAD2 /* MainPresenter.swift in Sources */,
				D5204528250511E0007B746A /* ContactConfigureProtocol.swift in Sources */,
				D5A0BFE4250A40F10080737E /* SuccessPresenter.swift in Sources */,
				D5A0BFE2250A40F10080737E /* SuccessViewInput.swift in Sources */,
				D5A0BF8225079DE00080737E /* TransactionInteractorOutput.swift in Sources */,
				D5A0BF8025079DD40080737E /* TransactionInteractorInput.swift in Sources */,
				D5A0BFE6250A40F10080737E /* SuccessInteractorInput.swift in Sources */,
				D59DB6BC250A47890068888D /* ContainerInteractorOutput.swift in Sources */,
				D59DB6BD250A47890068888D /* ContainerViewInput.swift in Sources */,
				D5A0BFE9250A40F10080737E /* SuccessRouterInput.swift in Sources */,
				D50F511624DD73050042BAD2 /* MainRouter.swift in Sources */,
				D59DB6B5250A47890068888D /* ContainerConfigurator.swift in Sources */,
				D5B03FFA24FBF9260023E5DE /* MainRouterInput.swift in Sources */,
				D5B0400624FD091D0023E5DE /* Person.swift in Sources */,
				D520450F25050CA9007B746A /* ContactRouter.swift in Sources */,
				D5A0BF8625079E060080737E /* TransactionConfiguratorProtocol.swift in Sources */,
				D5B03FFD24FBFB200023E5DE /* CustomTableView.swift in Sources */,
				D5A0BFA6250A1FBC0080737E /* TreatmentViewInput.swift in Sources */,
				D59DB6C8250A50160068888D /* ViewSize.swift in Sources */,
				D5A0BFE8250A40F10080737E /* SuccessModuleOutput.swift in Sources */,
				D5B0400324FCE7420023E5DE /* CardTableViewCell.swift in Sources */,
				D5A0BFA2250A1EC80080737E /* TreatmentRouter.swift in Sources */,
				D5A0BFB4250A201E0080737E /* TreatmentConfiguratorProtocol.swift in Sources */,
			);
			runOnlyForDeploymentPostprocessing = 0;
		};
		D52C3C802510CBC8001E34A0 /* Sources */ = {
			isa = PBXSourcesBuildPhase;
			buildActionMask = 2147483647;
			files = (
				D52C3C932510D056001E34A0 /* MainViewOutputSpy.swift in Sources */,
				D53682CE251263320077BDCB /* ContactInteractorInputSpy.swift in Sources */,
				D53682D9251267870077BDCB /* TransactionConfiguratorMock.swift in Sources */,
				D53682A325122D720077BDCB /* ContactsManagerMock.swift in Sources */,
				D53682D7251266D80077BDCB /* TransactionViewOutputSpy.swift in Sources */,
				D52C3C872510CBC8001E34A0 /* MoneyTransferTests.swift in Sources */,
				D53682C425125D790077BDCB /* ContactViewInputSpy.swift in Sources */,
				D536829A2511011B0077BDCB /* MainInteractorOutputSpy.swift in Sources */,
				D53682B825124C2B0077BDCB /* ContainerViewControllerTests.swift in Sources */,
				D53682B425124BF60077BDCB /* ContainerViewOutputSpy.swift in Sources */,
				D53682A525122EB00077BDCB /* UserDefaultsWorkMock.swift in Sources */,
				D53682B225124BDE0077BDCB /* ContainerViewInputSpy.swift in Sources */,
				D5E877252510E90E007E80F3 /* MainConfiguratorMock.swift in Sources */,
				D53682CC251262E40077BDCB /* ContactPresenterTest.swift in Sources */,
				D53682942510F2E50077BDCB /* MainViewControllerTest.swift in Sources */,
				D53682D5251265980077BDCB /* TransactionViewInputSpy.swift in Sources */,
				D53682C625125E740077BDCB /* ContactViewOutputSpy.swift in Sources */,
				D53682C825125ED40077BDCB /* ContactViewControllerTests.swift in Sources */,
				D53682A725122F2D0077BDCB /* MainInteractorTests.swift in Sources */,
				D53682BA25124D1F0077BDCB /* MainModuleInputSpy.swift in Sources */,
				D536829E25110F400077BDCB /* MainRouterInputSpy.swift in Sources */,
				D536829C251101760077BDCB /* MainInteractorInputSpy.swift in Sources */,
				D53682CA25125FB50077BDCB /* ContactConfiguratorMock.swift in Sources */,
				D53682A025120CD10077BDCB /* MainPresenterTest.swift in Sources */,
				D52C3C912510D022001E34A0 /* MainViewInputSpy.swift in Sources */,
				D53682DB251268570077BDCB /* TransactionViewControllerTests.swift in Sources */,
			);
			runOnlyForDeploymentPostprocessing = 0;
		};
/* End PBXSourcesBuildPhase section */

/* Begin PBXTargetDependency section */
		D52C3C8A2510CBC8001E34A0 /* PBXTargetDependency */ = {
			isa = PBXTargetDependency;
			target = D50F50F624DD6F760042BAD2 /* MoneyTransfer */;
			targetProxy = D52C3C892510CBC8001E34A0 /* PBXContainerItemProxy */;
		};
/* End PBXTargetDependency section */

/* Begin PBXVariantGroup section */
		D50F510024DD6F760042BAD2 /* Main.storyboard */ = {
			isa = PBXVariantGroup;
			children = (
				D50F510124DD6F760042BAD2 /* Base */,
			);
			name = Main.storyboard;
			sourceTree = "<group>";
		};
		D50F510524DD6F790042BAD2 /* LaunchScreen.storyboard */ = {
			isa = PBXVariantGroup;
			children = (
				D50F510624DD6F790042BAD2 /* Base */,
			);
			name = LaunchScreen.storyboard;
			sourceTree = "<group>";
		};
/* End PBXVariantGroup section */

/* Begin XCBuildConfiguration section */
		D50F510924DD6F790042BAD2 /* Debug */ = {
			isa = XCBuildConfiguration;
			buildSettings = {
				ALWAYS_SEARCH_USER_PATHS = NO;
				CLANG_ANALYZER_NONNULL = YES;
				CLANG_ANALYZER_NUMBER_OBJECT_CONVERSION = YES_AGGRESSIVE;
				CLANG_CXX_LANGUAGE_STANDARD = "gnu++14";
				CLANG_CXX_LIBRARY = "libc++";
				CLANG_ENABLE_MODULES = YES;
				CLANG_ENABLE_OBJC_ARC = YES;
				CLANG_ENABLE_OBJC_WEAK = YES;
				CLANG_WARN_BLOCK_CAPTURE_AUTORELEASING = YES;
				CLANG_WARN_BOOL_CONVERSION = YES;
				CLANG_WARN_COMMA = YES;
				CLANG_WARN_CONSTANT_CONVERSION = YES;
				CLANG_WARN_DEPRECATED_OBJC_IMPLEMENTATIONS = YES;
				CLANG_WARN_DIRECT_OBJC_ISA_USAGE = YES_ERROR;
				CLANG_WARN_DOCUMENTATION_COMMENTS = YES;
				CLANG_WARN_EMPTY_BODY = YES;
				CLANG_WARN_ENUM_CONVERSION = YES;
				CLANG_WARN_INFINITE_RECURSION = YES;
				CLANG_WARN_INT_CONVERSION = YES;
				CLANG_WARN_NON_LITERAL_NULL_CONVERSION = YES;
				CLANG_WARN_OBJC_IMPLICIT_RETAIN_SELF = YES;
				CLANG_WARN_OBJC_LITERAL_CONVERSION = YES;
				CLANG_WARN_OBJC_ROOT_CLASS = YES_ERROR;
				CLANG_WARN_RANGE_LOOP_ANALYSIS = YES;
				CLANG_WARN_STRICT_PROTOTYPES = YES;
				CLANG_WARN_SUSPICIOUS_MOVE = YES;
				CLANG_WARN_UNGUARDED_AVAILABILITY = YES_AGGRESSIVE;
				CLANG_WARN_UNREACHABLE_CODE = YES;
				CLANG_WARN__DUPLICATE_METHOD_MATCH = YES;
				COPY_PHASE_STRIP = NO;
				DEBUG_INFORMATION_FORMAT = dwarf;
				ENABLE_STRICT_OBJC_MSGSEND = YES;
				ENABLE_TESTABILITY = YES;
				GCC_C_LANGUAGE_STANDARD = gnu11;
				GCC_DYNAMIC_NO_PIC = NO;
				GCC_NO_COMMON_BLOCKS = YES;
				GCC_OPTIMIZATION_LEVEL = 0;
				GCC_PREPROCESSOR_DEFINITIONS = (
					"DEBUG=1",
					"$(inherited)",
				);
				GCC_WARN_64_TO_32_BIT_CONVERSION = YES;
				GCC_WARN_ABOUT_RETURN_TYPE = YES_ERROR;
				GCC_WARN_UNDECLARED_SELECTOR = YES;
				GCC_WARN_UNINITIALIZED_AUTOS = YES_AGGRESSIVE;
				GCC_WARN_UNUSED_FUNCTION = YES;
				GCC_WARN_UNUSED_VARIABLE = YES;
				IPHONEOS_DEPLOYMENT_TARGET = 13.2;
				MTL_ENABLE_DEBUG_INFO = INCLUDE_SOURCE;
				MTL_FAST_MATH = YES;
				ONLY_ACTIVE_ARCH = YES;
				SDKROOT = iphoneos;
				SWIFT_ACTIVE_COMPILATION_CONDITIONS = DEBUG;
				SWIFT_OPTIMIZATION_LEVEL = "-Onone";
			};
			name = Debug;
		};
		D50F510A24DD6F790042BAD2 /* Release */ = {
			isa = XCBuildConfiguration;
			buildSettings = {
				ALWAYS_SEARCH_USER_PATHS = NO;
				CLANG_ANALYZER_NONNULL = YES;
				CLANG_ANALYZER_NUMBER_OBJECT_CONVERSION = YES_AGGRESSIVE;
				CLANG_CXX_LANGUAGE_STANDARD = "gnu++14";
				CLANG_CXX_LIBRARY = "libc++";
				CLANG_ENABLE_MODULES = YES;
				CLANG_ENABLE_OBJC_ARC = YES;
				CLANG_ENABLE_OBJC_WEAK = YES;
				CLANG_WARN_BLOCK_CAPTURE_AUTORELEASING = YES;
				CLANG_WARN_BOOL_CONVERSION = YES;
				CLANG_WARN_COMMA = YES;
				CLANG_WARN_CONSTANT_CONVERSION = YES;
				CLANG_WARN_DEPRECATED_OBJC_IMPLEMENTATIONS = YES;
				CLANG_WARN_DIRECT_OBJC_ISA_USAGE = YES_ERROR;
				CLANG_WARN_DOCUMENTATION_COMMENTS = YES;
				CLANG_WARN_EMPTY_BODY = YES;
				CLANG_WARN_ENUM_CONVERSION = YES;
				CLANG_WARN_INFINITE_RECURSION = YES;
				CLANG_WARN_INT_CONVERSION = YES;
				CLANG_WARN_NON_LITERAL_NULL_CONVERSION = YES;
				CLANG_WARN_OBJC_IMPLICIT_RETAIN_SELF = YES;
				CLANG_WARN_OBJC_LITERAL_CONVERSION = YES;
				CLANG_WARN_OBJC_ROOT_CLASS = YES_ERROR;
				CLANG_WARN_RANGE_LOOP_ANALYSIS = YES;
				CLANG_WARN_STRICT_PROTOTYPES = YES;
				CLANG_WARN_SUSPICIOUS_MOVE = YES;
				CLANG_WARN_UNGUARDED_AVAILABILITY = YES_AGGRESSIVE;
				CLANG_WARN_UNREACHABLE_CODE = YES;
				CLANG_WARN__DUPLICATE_METHOD_MATCH = YES;
				COPY_PHASE_STRIP = NO;
				DEBUG_INFORMATION_FORMAT = "dwarf-with-dsym";
				ENABLE_NS_ASSERTIONS = NO;
				ENABLE_STRICT_OBJC_MSGSEND = YES;
				GCC_C_LANGUAGE_STANDARD = gnu11;
				GCC_NO_COMMON_BLOCKS = YES;
				GCC_WARN_64_TO_32_BIT_CONVERSION = YES;
				GCC_WARN_ABOUT_RETURN_TYPE = YES_ERROR;
				GCC_WARN_UNDECLARED_SELECTOR = YES;
				GCC_WARN_UNINITIALIZED_AUTOS = YES_AGGRESSIVE;
				GCC_WARN_UNUSED_FUNCTION = YES;
				GCC_WARN_UNUSED_VARIABLE = YES;
				IPHONEOS_DEPLOYMENT_TARGET = 13.2;
				MTL_ENABLE_DEBUG_INFO = NO;
				MTL_FAST_MATH = YES;
				SDKROOT = iphoneos;
				SWIFT_COMPILATION_MODE = wholemodule;
				SWIFT_OPTIMIZATION_LEVEL = "-O";
				VALIDATE_PRODUCT = YES;
			};
			name = Release;
		};
		D50F510C24DD6F790042BAD2 /* Debug */ = {
			isa = XCBuildConfiguration;
			buildSettings = {
				ASSETCATALOG_COMPILER_APPICON_NAME = AppIcon;
				CODE_SIGN_STYLE = Automatic;
				DEVELOPMENT_TEAM = 5D5RK3QAMV;
				INFOPLIST_FILE = MoneyTransfer/Info.plist;
				LD_RUNPATH_SEARCH_PATHS = (
					"$(inherited)",
					"@executable_path/Frameworks",
				);
				PRODUCT_BUNDLE_IDENTIFIER = NMZabludovskiy.MoneyTransfer;
				PRODUCT_NAME = "$(TARGET_NAME)";
				SWIFT_VERSION = 5.0;
				TARGETED_DEVICE_FAMILY = 1;
			};
			name = Debug;
		};
		D50F510D24DD6F790042BAD2 /* Release */ = {
			isa = XCBuildConfiguration;
			buildSettings = {
				ASSETCATALOG_COMPILER_APPICON_NAME = AppIcon;
				CODE_SIGN_STYLE = Automatic;
				DEVELOPMENT_TEAM = DFX963574W;
				INFOPLIST_FILE = MoneyTransfer/Info.plist;
				LD_RUNPATH_SEARCH_PATHS = (
					"$(inherited)",
					"@executable_path/Frameworks",
				);
				PRODUCT_BUNDLE_IDENTIFIER = NMZabludovskiy.MoneyTransfer;
				PRODUCT_NAME = "$(TARGET_NAME)";
				SWIFT_VERSION = 5.0;
				TARGETED_DEVICE_FAMILY = 1;
			};
			name = Release;
		};
		D52C3C8C2510CBC8001E34A0 /* Debug */ = {
			isa = XCBuildConfiguration;
			buildSettings = {
				BUNDLE_LOADER = "$(TEST_HOST)";
				CODE_SIGN_STYLE = Automatic;
				DEVELOPMENT_TEAM = DFX963574W;
				INFOPLIST_FILE = MoneyTransferTests/Info.plist;
				IPHONEOS_DEPLOYMENT_TARGET = 13.5;
				LD_RUNPATH_SEARCH_PATHS = (
					"$(inherited)",
					"@executable_path/Frameworks",
					"@loader_path/Frameworks",
				);
				PRODUCT_BUNDLE_IDENTIFIER = NMZabludovskiy.MoneyTransferTests;
				PRODUCT_NAME = "$(TARGET_NAME)";
				SWIFT_VERSION = 5.0;
				TARGETED_DEVICE_FAMILY = "1,2";
				TEST_HOST = "$(BUILT_PRODUCTS_DIR)/MoneyTransfer.app/MoneyTransfer";
			};
			name = Debug;
		};
		D52C3C8D2510CBC8001E34A0 /* Release */ = {
			isa = XCBuildConfiguration;
			buildSettings = {
				BUNDLE_LOADER = "$(TEST_HOST)";
				CODE_SIGN_STYLE = Automatic;
				DEVELOPMENT_TEAM = DFX963574W;
				INFOPLIST_FILE = MoneyTransferTests/Info.plist;
				IPHONEOS_DEPLOYMENT_TARGET = 13.5;
				LD_RUNPATH_SEARCH_PATHS = (
					"$(inherited)",
					"@executable_path/Frameworks",
					"@loader_path/Frameworks",
				);
				PRODUCT_BUNDLE_IDENTIFIER = NMZabludovskiy.MoneyTransferTests;
				PRODUCT_NAME = "$(TARGET_NAME)";
				SWIFT_VERSION = 5.0;
				TARGETED_DEVICE_FAMILY = "1,2";
				TEST_HOST = "$(BUILT_PRODUCTS_DIR)/MoneyTransfer.app/MoneyTransfer";
			};
			name = Release;
		};
/* End XCBuildConfiguration section */

/* Begin XCConfigurationList section */
		D50F50F224DD6F760042BAD2 /* Build configuration list for PBXProject "MoneyTransfer" */ = {
			isa = XCConfigurationList;
			buildConfigurations = (
				D50F510924DD6F790042BAD2 /* Debug */,
				D50F510A24DD6F790042BAD2 /* Release */,
			);
			defaultConfigurationIsVisible = 0;
			defaultConfigurationName = Release;
		};
		D50F510B24DD6F790042BAD2 /* Build configuration list for PBXNativeTarget "MoneyTransfer" */ = {
			isa = XCConfigurationList;
			buildConfigurations = (
				D50F510C24DD6F790042BAD2 /* Debug */,
				D50F510D24DD6F790042BAD2 /* Release */,
			);
			defaultConfigurationIsVisible = 0;
			defaultConfigurationName = Release;
		};
		D52C3C8B2510CBC8001E34A0 /* Build configuration list for PBXNativeTarget "MoneyTransferTests" */ = {
			isa = XCConfigurationList;
			buildConfigurations = (
				D52C3C8C2510CBC8001E34A0 /* Debug */,
				D52C3C8D2510CBC8001E34A0 /* Release */,
			);
			defaultConfigurationIsVisible = 0;
			defaultConfigurationName = Release;
		};
/* End XCConfigurationList section */
	};
	rootObject = D50F50EF24DD6F760042BAD2 /* Project object */;
}
